// !$*UTF8*$!
{
	archiveVersion = 1;
	classes = {
	};
	objectVersion = 46;
	objects = {

/* Begin PBXBuildFile section */
		14727B21E9D5EF8779F94C9B /* Pods_TVSetKit_macOSTests.framework in Frameworks */ = {isa = PBXBuildFile; fileRef = 7E91676D37FBF364819E89EE /* Pods_TVSetKit_macOSTests.framework */; };
		540F4AE1BED5CBE4DA9CA4D4 /* Pods_TVSetKit_tvOSTests.framework in Frameworks */ = {isa = PBXBuildFile; fileRef = 4F190C23784C9EE58AF08371 /* Pods_TVSetKit_tvOSTests.framework */; };
		65BA5E9DBDD122076E3770A1 /* Pods_TVSetKit_iOSTests.framework in Frameworks */ = {isa = PBXBuildFile; fileRef = AC119240780A7AA660B89057 /* Pods_TVSetKit_iOSTests.framework */; };
		78751435CE1BC36D2EC1257D /* Pods_TVSetKit_iOS.framework in Frameworks */ = {isa = PBXBuildFile; fileRef = F3F2946F6D4283B54822F6C5 /* Pods_TVSetKit_iOS.framework */; };
		C94976DBB971042954E91E0F /* Pods_TVSetKit_tvOS.framework in Frameworks */ = {isa = PBXBuildFile; fileRef = 06DC458D63330A17812B574E /* Pods_TVSetKit_tvOS.framework */; };
		F0AC04A39C0C5E590CD5F4C3 /* Pods_TVSetKit_macOS.framework in Frameworks */ = {isa = PBXBuildFile; fileRef = 6FDBD465E45DCA1DFA73A257 /* Pods_TVSetKit_macOS.framework */; };
		FA27867A1F93E5C30088F553 /* HistoryManager.swift in Sources */ = {isa = PBXBuildFile; fileRef = FA2786791F93E5C30088F553 /* HistoryManager.swift */; };
		FA27867C1F93E5EE0088F553 /* BookmarksManager.swift in Sources */ = {isa = PBXBuildFile; fileRef = FA27867B1F93E5EE0088F553 /* BookmarksManager.swift */; };
		FA4CDDD11F90EEFF00AF4DCE /* Items.swift in Sources */ = {isa = PBXBuildFile; fileRef = FA4CDDD01F90EEFF00AF4DCE /* Items.swift */; };
		FA7BDF531FA5228F003FCEC3 /* TVSetKit_macOS.framework in Frameworks */ = {isa = PBXBuildFile; fileRef = FA7BDF4A1FA5228E003FCEC3 /* TVSetKit_macOS.framework */; };
		FA7BDF581FA5228F003FCEC3 /* TVSetKit_macOSTests.swift in Sources */ = {isa = PBXBuildFile; fileRef = FA7BDF571FA5228F003FCEC3 /* TVSetKit_macOSTests.swift */; };
		FA7BDF5A1FA5228F003FCEC3 /* TVSetKit_macOS.h in Headers */ = {isa = PBXBuildFile; fileRef = FA7BDF4C1FA5228E003FCEC3 /* TVSetKit_macOS.h */; settings = {ATTRIBUTES = (Public, ); }; };
		FA7E46521F9BE2C500EA8F1C /* PlainSpinner.swift in Sources */ = {isa = PBXBuildFile; fileRef = FA7E46511F9BE2C500EA8F1C /* PlainSpinner.swift */; };
		FA98C0D01F9BE60300BD7501 /* Files-extension.swift in Sources */ = {isa = PBXBuildFile; fileRef = FA98C0CF1F9BE60300BD7501 /* Files-extension.swift */; };
		FAB20D5D1F89AB390063458F /* Item.swift in Sources */ = {isa = PBXBuildFile; fileRef = FAB20D5C1F89AB390063458F /* Item.swift */; };
		FAB327DE1F978E7500925755 /* Configuration.swift in Sources */ = {isa = PBXBuildFile; fileRef = FAB327DD1F978E7500925755 /* Configuration.swift */; };
		FAB327DF1F978E7500925755 /* Configuration.swift in Sources */ = {isa = PBXBuildFile; fileRef = FAB327DD1F978E7500925755 /* Configuration.swift */; };
		FADECD641F9BDDDA00C9C42C /* Bookmarks.swift in Sources */ = {isa = PBXBuildFile; fileRef = FAE009571E46A15300941CAD /* Bookmarks.swift */; };
		FADECD651F9BDDE400C9C42C /* UIHelper.swift in Sources */ = {isa = PBXBuildFile; fileRef = FAE009521E46A15300941CAD /* UIHelper.swift */; };
		FADECD661F9BDDE700C9C42C /* AudioPlayerControllerSimple.swift in Sources */ = {isa = PBXBuildFile; fileRef = FAE009551E46A15300941CAD /* AudioPlayerControllerSimple.swift */; };
		FADECD671F9BDDED00C9C42C /* CellHelper.swift in Sources */ = {isa = PBXBuildFile; fileRef = FAE009581E46A15300941CAD /* CellHelper.swift */; };
		FADECD681F9BDDF600C9C42C /* History.swift in Sources */ = {isa = PBXBuildFile; fileRef = FAE0095A1E46A15300941CAD /* History.swift */; };
		FADECD691F9BDE0500C9C42C /* MediaItem.swift in Sources */ = {isa = PBXBuildFile; fileRef = FA67DC9B1E46933600734FB6 /* MediaItem.swift */; };
		FADECD6A1F9BDE0800C9C42C /* MediaName.swift in Sources */ = {isa = PBXBuildFile; fileRef = FA67DC9C1E46933600734FB6 /* MediaName.swift */; };
		FADECD6B1F9BDE1000C9C42C /* MediaItemDetailsController.swift in Sources */ = {isa = PBXBuildFile; fileRef = FAE0095F1E46A15300941CAD /* MediaItemDetailsController.swift */; };
		FADECD6C1F9BDE1000C9C42C /* MediaItemsController.swift in Sources */ = {isa = PBXBuildFile; fileRef = FAE009601E46A15300941CAD /* MediaItemsController.swift */; };
		FADECD6D1F9BDE1000C9C42C /* MediaItemsHeaderView.swift in Sources */ = {isa = PBXBuildFile; fileRef = FAE009621E46A15300941CAD /* MediaItemsHeaderView.swift */; };
		FADECD6E1F9BDE1000C9C42C /* MediaItemsNavigator.swift in Sources */ = {isa = PBXBuildFile; fileRef = FAE009631E46A15300941CAD /* MediaItemsNavigator.swift */; };
		FADECD6F1F9BDE1000C9C42C /* VideoPlayerController.swift in Sources */ = {isa = PBXBuildFile; fileRef = FAE009661E46A15300941CAD /* VideoPlayerController.swift */; };
		FADECD701F9BDE1000C9C42C /* UIColor-extension.swift in Sources */ = {isa = PBXBuildFile; fileRef = FAED610A1E469BCA007A2B91 /* UIColor-extension.swift */; };
		FADECD711F9BDE1000C9C42C /* QualityLevel.swift in Sources */ = {isa = PBXBuildFile; fileRef = FAED60F11E4693A7007A2B91 /* QualityLevel.swift */; };
		FADECD741F9BDE1B00C9C42C /* UIViewController-extension.swift in Sources */ = {isa = PBXBuildFile; fileRef = 2DBA1499323797FAEDC75EAE /* UIViewController-extension.swift */; };
		FADECD751F9BDE1B00C9C42C /* DataSource.swift in Sources */ = {isa = PBXBuildFile; fileRef = 2DBA140B06A6A92129BE33D8 /* DataSource.swift */; };
		FADECD761F9BDE2100C9C42C /* Localizer.swift in Sources */ = {isa = PBXBuildFile; fileRef = 2DBA10015F1A359BBBCE9565 /* Localizer.swift */; };
		FADECD771F9BDE2100C9C42C /* PlayButtonsView.swift in Sources */ = {isa = PBXBuildFile; fileRef = 2DBA1228A122C19B8CE738CE /* PlayButtonsView.swift */; };
		FADECD781F9BDE2100C9C42C /* MediaNameTableCell.swift in Sources */ = {isa = PBXBuildFile; fileRef = 2DBA1558B2069A775BE665DA /* MediaNameTableCell.swift */; };
		FADECD791F9BDE2100C9C42C /* MediaItemTableCell.swift in Sources */ = {isa = PBXBuildFile; fileRef = 2DBA1BB1EF60A3C7CB859A48 /* MediaItemTableCell.swift */; };
		FADECD7A1F9BDE2100C9C42C /* MediaNameCell.swift in Sources */ = {isa = PBXBuildFile; fileRef = 2DBA10516E2C5005A2F2A0B3 /* MediaNameCell.swift */; };
		FADECD7B1F9BDE2100C9C42C /* MediaItemCell.swift in Sources */ = {isa = PBXBuildFile; fileRef = 2DBA179547C0A40A26E75D28 /* MediaItemCell.swift */; };
		FADECD7D1F9BDE2100C9C42C /* Parameters.swift in Sources */ = {isa = PBXBuildFile; fileRef = D56A77D3BA0AD459DB64E3ED /* Parameters.swift */; };
		FADECD7E1F9BDE2100C9C42C /* SearchTableController.swift in Sources */ = {isa = PBXBuildFile; fileRef = 2DBA1DA30A6EA5DDE6B16540 /* SearchTableController.swift */; };
		FADECD7F1F9BDE2100C9C42C /* SearchController.swift in Sources */ = {isa = PBXBuildFile; fileRef = 2DBA1F63E04E4BA852D52BC5 /* SearchController.swift */; };
		FADECD801F9BDE2100C9C42C /* TVSetKit.swift in Sources */ = {isa = PBXBuildFile; fileRef = 2DBA1D3147AF9FAFBDFEC554 /* TVSetKit.swift */; };
		FADECD811F9BDE2200C9C42C /* Localizer.swift in Sources */ = {isa = PBXBuildFile; fileRef = 2DBA10015F1A359BBBCE9565 /* Localizer.swift */; };
		FADECD821F9BDE2200C9C42C /* PlayButtonsView.swift in Sources */ = {isa = PBXBuildFile; fileRef = 2DBA1228A122C19B8CE738CE /* PlayButtonsView.swift */; };
		FADECD831F9BDE2200C9C42C /* MediaNameTableCell.swift in Sources */ = {isa = PBXBuildFile; fileRef = 2DBA1558B2069A775BE665DA /* MediaNameTableCell.swift */; };
		FADECD841F9BDE2200C9C42C /* MediaItemTableCell.swift in Sources */ = {isa = PBXBuildFile; fileRef = 2DBA1BB1EF60A3C7CB859A48 /* MediaItemTableCell.swift */; };
		FADECD851F9BDE2200C9C42C /* MediaNameCell.swift in Sources */ = {isa = PBXBuildFile; fileRef = 2DBA10516E2C5005A2F2A0B3 /* MediaNameCell.swift */; };
		FADECD861F9BDE2200C9C42C /* MediaItemCell.swift in Sources */ = {isa = PBXBuildFile; fileRef = 2DBA179547C0A40A26E75D28 /* MediaItemCell.swift */; };
		FADECD881F9BDE2200C9C42C /* Parameters.swift in Sources */ = {isa = PBXBuildFile; fileRef = D56A77D3BA0AD459DB64E3ED /* Parameters.swift */; };
		FADECD891F9BDE2200C9C42C /* SearchTableController.swift in Sources */ = {isa = PBXBuildFile; fileRef = 2DBA1DA30A6EA5DDE6B16540 /* SearchTableController.swift */; };
		FADECD8A1F9BDE2200C9C42C /* SearchController.swift in Sources */ = {isa = PBXBuildFile; fileRef = 2DBA1F63E04E4BA852D52BC5 /* SearchController.swift */; };
		FADECD8B1F9BDE2200C9C42C /* TVSetKit.swift in Sources */ = {isa = PBXBuildFile; fileRef = 2DBA1D3147AF9FAFBDFEC554 /* TVSetKit.swift */; };
		FADECD8C1F9BDE2200C9C42C /* HistoryManager.swift in Sources */ = {isa = PBXBuildFile; fileRef = FA2786791F93E5C30088F553 /* HistoryManager.swift */; };
		FADECD8D1F9BDE2200C9C42C /* BookmarksManager.swift in Sources */ = {isa = PBXBuildFile; fileRef = FA27867B1F93E5EE0088F553 /* BookmarksManager.swift */; };
		FADECD901F9BDE2800C9C42C /* UIViewController-extension.swift in Sources */ = {isa = PBXBuildFile; fileRef = 2DBA1499323797FAEDC75EAE /* UIViewController-extension.swift */; };
		FADECD911F9BDE2800C9C42C /* DataSource.swift in Sources */ = {isa = PBXBuildFile; fileRef = 2DBA140B06A6A92129BE33D8 /* DataSource.swift */; };
		FADECD921F9BDE2E00C9C42C /* Items.swift in Sources */ = {isa = PBXBuildFile; fileRef = FA4CDDD01F90EEFF00AF4DCE /* Items.swift */; };
		FADECD931F9BDE2E00C9C42C /* Item.swift in Sources */ = {isa = PBXBuildFile; fileRef = FAB20D5C1F89AB390063458F /* Item.swift */; };
		FADECD951F9BDE2E00C9C42C /* UIHelper.swift in Sources */ = {isa = PBXBuildFile; fileRef = FAE009521E46A15300941CAD /* UIHelper.swift */; };
		FADECD961F9BDE2E00C9C42C /* AudioPlayerControllerSimple.swift in Sources */ = {isa = PBXBuildFile; fileRef = FAE009551E46A15300941CAD /* AudioPlayerControllerSimple.swift */; };
		FADECD971F9BDE2E00C9C42C /* Bookmarks.swift in Sources */ = {isa = PBXBuildFile; fileRef = FAE009571E46A15300941CAD /* Bookmarks.swift */; };
		FADECD981F9BDE2E00C9C42C /* CellHelper.swift in Sources */ = {isa = PBXBuildFile; fileRef = FAE009581E46A15300941CAD /* CellHelper.swift */; };
		FADECD991F9BDE2E00C9C42C /* History.swift in Sources */ = {isa = PBXBuildFile; fileRef = FAE0095A1E46A15300941CAD /* History.swift */; };
		FADECD9A1F9BDE2E00C9C42C /* MediaItemDetailsController.swift in Sources */ = {isa = PBXBuildFile; fileRef = FAE0095F1E46A15300941CAD /* MediaItemDetailsController.swift */; };
		FADECD9B1F9BDE2E00C9C42C /* MediaItemsController.swift in Sources */ = {isa = PBXBuildFile; fileRef = FAE009601E46A15300941CAD /* MediaItemsController.swift */; };
		FADECD9C1F9BDE2E00C9C42C /* MediaItemsHeaderView.swift in Sources */ = {isa = PBXBuildFile; fileRef = FAE009621E46A15300941CAD /* MediaItemsHeaderView.swift */; };
		FADECD9D1F9BDE2E00C9C42C /* MediaItemsNavigator.swift in Sources */ = {isa = PBXBuildFile; fileRef = FAE009631E46A15300941CAD /* MediaItemsNavigator.swift */; };
		FADECD9E1F9BDE2E00C9C42C /* VideoPlayerController.swift in Sources */ = {isa = PBXBuildFile; fileRef = FAE009661E46A15300941CAD /* VideoPlayerController.swift */; };
		FADECD9F1F9BDE2E00C9C42C /* UIColor-extension.swift in Sources */ = {isa = PBXBuildFile; fileRef = FAED610A1E469BCA007A2B91 /* UIColor-extension.swift */; };
		FADECDA01F9BDE2E00C9C42C /* QualityLevel.swift in Sources */ = {isa = PBXBuildFile; fileRef = FAED60F11E4693A7007A2B91 /* QualityLevel.swift */; };
		FADECDA11F9BDE2E00C9C42C /* MediaItem.swift in Sources */ = {isa = PBXBuildFile; fileRef = FA67DC9B1E46933600734FB6 /* MediaItem.swift */; };
		FADECDA21F9BDE2E00C9C42C /* MediaName.swift in Sources */ = {isa = PBXBuildFile; fileRef = FA67DC9C1E46933600734FB6 /* MediaName.swift */; };
		FAFF2F341EFEEF92002B7C0C /* TVSetKit_iOS.framework in Frameworks */ = {isa = PBXBuildFile; fileRef = FAFF2F2B1EFEEF92002B7C0C /* TVSetKit_iOS.framework */; };
		FAFF2F391EFEEF92002B7C0C /* TVSetKit_iOSTests.swift in Sources */ = {isa = PBXBuildFile; fileRef = FAFF2F381EFEEF92002B7C0C /* TVSetKit_iOSTests.swift */; };
		FAFF2F3B1EFEEF92002B7C0C /* TVSetKit_iOS.h in Headers */ = {isa = PBXBuildFile; fileRef = FAFF2F2D1EFEEF92002B7C0C /* TVSetKit_iOS.h */; settings = {ATTRIBUTES = (Public, ); }; };
		FAFF2F501EFEEFAA002B7C0C /* TVSetKit_tvOS.framework in Frameworks */ = {isa = PBXBuildFile; fileRef = FAFF2F471EFEEFAA002B7C0C /* TVSetKit_tvOS.framework */; };
		FAFF2F551EFEEFAA002B7C0C /* TVSetKit_tvOSTests.swift in Sources */ = {isa = PBXBuildFile; fileRef = FAFF2F541EFEEFAA002B7C0C /* TVSetKit_tvOSTests.swift */; };
		FAFF2F571EFEEFAA002B7C0C /* TVSetKit_tvOS.h in Headers */ = {isa = PBXBuildFile; fileRef = FAFF2F491EFEEFAA002B7C0C /* TVSetKit_tvOS.h */; settings = {ATTRIBUTES = (Public, ); }; };
/* End PBXBuildFile section */

/* Begin PBXContainerItemProxy section */
		FA7BDF541FA5228F003FCEC3 /* PBXContainerItemProxy */ = {
			isa = PBXContainerItemProxy;
			containerPortal = FA35051C1E4663B3009BB40E /* Project object */;
			proxyType = 1;
			remoteGlobalIDString = FA7BDF491FA5228E003FCEC3;
			remoteInfo = TVSetKit_macOS;
		};
		FAFF2F351EFEEF92002B7C0C /* PBXContainerItemProxy */ = {
			isa = PBXContainerItemProxy;
			containerPortal = FA35051C1E4663B3009BB40E /* Project object */;
			proxyType = 1;
			remoteGlobalIDString = FAFF2F2A1EFEEF92002B7C0C;
			remoteInfo = TVSetKit_iOS;
		};
		FAFF2F511EFEEFAA002B7C0C /* PBXContainerItemProxy */ = {
			isa = PBXContainerItemProxy;
			containerPortal = FA35051C1E4663B3009BB40E /* Project object */;
			proxyType = 1;
			remoteGlobalIDString = FAFF2F461EFEEFAA002B7C0C;
			remoteInfo = TVSetKit_tvOS;
		};
/* End PBXContainerItemProxy section */

/* Begin PBXFileReference section */
		04B0BC3309BC59D32E617C2F /* Pods-TVSetKit_iOSTests.debug.xcconfig */ = {isa = PBXFileReference; includeInIndex = 1; lastKnownFileType = text.xcconfig; name = "Pods-TVSetKit_iOSTests.debug.xcconfig"; path = "Pods/Target Support Files/Pods-TVSetKit_iOSTests/Pods-TVSetKit_iOSTests.debug.xcconfig"; sourceTree = "<group>"; };
		06DC458D63330A17812B574E /* Pods_TVSetKit_tvOS.framework */ = {isa = PBXFileReference; explicitFileType = wrapper.framework; includeInIndex = 0; path = Pods_TVSetKit_tvOS.framework; sourceTree = BUILT_PRODUCTS_DIR; };
		2DBA10015F1A359BBBCE9565 /* Localizer.swift */ = {isa = PBXFileReference; fileEncoding = 4; lastKnownFileType = sourcecode.swift; path = Localizer.swift; sourceTree = "<group>"; };
		2DBA10516E2C5005A2F2A0B3 /* MediaNameCell.swift */ = {isa = PBXFileReference; fileEncoding = 4; lastKnownFileType = sourcecode.swift; path = MediaNameCell.swift; sourceTree = "<group>"; };
		2DBA1228A122C19B8CE738CE /* PlayButtonsView.swift */ = {isa = PBXFileReference; fileEncoding = 4; lastKnownFileType = sourcecode.swift; path = PlayButtonsView.swift; sourceTree = "<group>"; };
		2DBA140B06A6A92129BE33D8 /* DataSource.swift */ = {isa = PBXFileReference; fileEncoding = 4; lastKnownFileType = sourcecode.swift; path = DataSource.swift; sourceTree = "<group>"; };
		2DBA1499323797FAEDC75EAE /* UIViewController-extension.swift */ = {isa = PBXFileReference; fileEncoding = 4; lastKnownFileType = sourcecode.swift; path = "UIViewController-extension.swift"; sourceTree = "<group>"; };
		2DBA1558B2069A775BE665DA /* MediaNameTableCell.swift */ = {isa = PBXFileReference; fileEncoding = 4; lastKnownFileType = sourcecode.swift; path = MediaNameTableCell.swift; sourceTree = "<group>"; };
		2DBA161608A7DAAC8E767860 /* Package.swift */ = {isa = PBXFileReference; fileEncoding = 4; lastKnownFileType = sourcecode.swift; path = Package.swift; sourceTree = "<group>"; };
		2DBA179547C0A40A26E75D28 /* MediaItemCell.swift */ = {isa = PBXFileReference; fileEncoding = 4; lastKnownFileType = sourcecode.swift; path = MediaItemCell.swift; sourceTree = "<group>"; };
		2DBA1BB1EF60A3C7CB859A48 /* MediaItemTableCell.swift */ = {isa = PBXFileReference; fileEncoding = 4; lastKnownFileType = sourcecode.swift; path = MediaItemTableCell.swift; sourceTree = "<group>"; };
		2DBA1D3147AF9FAFBDFEC554 /* TVSetKit.swift */ = {isa = PBXFileReference; fileEncoding = 4; lastKnownFileType = sourcecode.swift; path = TVSetKit.swift; sourceTree = "<group>"; };
		2DBA1DA30A6EA5DDE6B16540 /* SearchTableController.swift */ = {isa = PBXFileReference; fileEncoding = 4; lastKnownFileType = sourcecode.swift; path = SearchTableController.swift; sourceTree = "<group>"; };
		2DBA1F63E04E4BA852D52BC5 /* SearchController.swift */ = {isa = PBXFileReference; fileEncoding = 4; lastKnownFileType = sourcecode.swift; path = SearchController.swift; sourceTree = "<group>"; };
		4854E4BE807E25B82AA51296 /* Pods-TVSetKit_tvOS.release.xcconfig */ = {isa = PBXFileReference; includeInIndex = 1; lastKnownFileType = text.xcconfig; name = "Pods-TVSetKit_tvOS.release.xcconfig"; path = "Pods/Target Support Files/Pods-TVSetKit_tvOS/Pods-TVSetKit_tvOS.release.xcconfig"; sourceTree = "<group>"; };
		4F190C23784C9EE58AF08371 /* Pods_TVSetKit_tvOSTests.framework */ = {isa = PBXFileReference; explicitFileType = wrapper.framework; includeInIndex = 0; path = Pods_TVSetKit_tvOSTests.framework; sourceTree = BUILT_PRODUCTS_DIR; };
		5290D51CBB4DD9895C6D52E0 /* Pods-TVSetKit_tvOS.debug.xcconfig */ = {isa = PBXFileReference; includeInIndex = 1; lastKnownFileType = text.xcconfig; name = "Pods-TVSetKit_tvOS.debug.xcconfig"; path = "Pods/Target Support Files/Pods-TVSetKit_tvOS/Pods-TVSetKit_tvOS.debug.xcconfig"; sourceTree = "<group>"; };
		6B02581BC51E6755711B1489 /* Pods-TVSetKit_tvOSTests.debug.xcconfig */ = {isa = PBXFileReference; includeInIndex = 1; lastKnownFileType = text.xcconfig; name = "Pods-TVSetKit_tvOSTests.debug.xcconfig"; path = "Pods/Target Support Files/Pods-TVSetKit_tvOSTests/Pods-TVSetKit_tvOSTests.debug.xcconfig"; sourceTree = "<group>"; };
		6FDBD465E45DCA1DFA73A257 /* Pods_TVSetKit_macOS.framework */ = {isa = PBXFileReference; explicitFileType = wrapper.framework; includeInIndex = 0; path = Pods_TVSetKit_macOS.framework; sourceTree = BUILT_PRODUCTS_DIR; };
		726A3F31B3CC5BC631A051DB /* Pods-TVSetKit_macOS.release.xcconfig */ = {isa = PBXFileReference; includeInIndex = 1; lastKnownFileType = text.xcconfig; name = "Pods-TVSetKit_macOS.release.xcconfig"; path = "Pods/Target Support Files/Pods-TVSetKit_macOS/Pods-TVSetKit_macOS.release.xcconfig"; sourceTree = "<group>"; };
		75D836DD4C045D72AFACF8C4 /* Pods-TVSetKit_tvOSTests.release.xcconfig */ = {isa = PBXFileReference; includeInIndex = 1; lastKnownFileType = text.xcconfig; name = "Pods-TVSetKit_tvOSTests.release.xcconfig"; path = "Pods/Target Support Files/Pods-TVSetKit_tvOSTests/Pods-TVSetKit_tvOSTests.release.xcconfig"; sourceTree = "<group>"; };
		786F5572C2BC2123747BD64B /* Pods-TVSetKit_iOSTests.release.xcconfig */ = {isa = PBXFileReference; includeInIndex = 1; lastKnownFileType = text.xcconfig; name = "Pods-TVSetKit_iOSTests.release.xcconfig"; path = "Pods/Target Support Files/Pods-TVSetKit_iOSTests/Pods-TVSetKit_iOSTests.release.xcconfig"; sourceTree = "<group>"; };
		7E91676D37FBF364819E89EE /* Pods_TVSetKit_macOSTests.framework */ = {isa = PBXFileReference; explicitFileType = wrapper.framework; includeInIndex = 0; path = Pods_TVSetKit_macOSTests.framework; sourceTree = BUILT_PRODUCTS_DIR; };
		85A71651EAC86C478291526B /* Pods-TVSetKit_iOS.release.xcconfig */ = {isa = PBXFileReference; includeInIndex = 1; lastKnownFileType = text.xcconfig; name = "Pods-TVSetKit_iOS.release.xcconfig"; path = "Pods/Target Support Files/Pods-TVSetKit_iOS/Pods-TVSetKit_iOS.release.xcconfig"; sourceTree = "<group>"; };
		92D35C2703FCC649EA633C53 /* Pods-TVSetKit_macOSTests.release.xcconfig */ = {isa = PBXFileReference; includeInIndex = 1; lastKnownFileType = text.xcconfig; name = "Pods-TVSetKit_macOSTests.release.xcconfig"; path = "Pods/Target Support Files/Pods-TVSetKit_macOSTests/Pods-TVSetKit_macOSTests.release.xcconfig"; sourceTree = "<group>"; };
		AC119240780A7AA660B89057 /* Pods_TVSetKit_iOSTests.framework */ = {isa = PBXFileReference; explicitFileType = wrapper.framework; includeInIndex = 0; path = Pods_TVSetKit_iOSTests.framework; sourceTree = BUILT_PRODUCTS_DIR; };
		D56A77D3BA0AD459DB64E3ED /* Parameters.swift */ = {isa = PBXFileReference; fileEncoding = 4; lastKnownFileType = sourcecode.swift; path = Parameters.swift; sourceTree = "<group>"; };
		E0AF1E00AB17A9DE802C6396 /* Pods-TVSetKit_macOS.debug.xcconfig */ = {isa = PBXFileReference; includeInIndex = 1; lastKnownFileType = text.xcconfig; name = "Pods-TVSetKit_macOS.debug.xcconfig"; path = "Pods/Target Support Files/Pods-TVSetKit_macOS/Pods-TVSetKit_macOS.debug.xcconfig"; sourceTree = "<group>"; };
		E0BC536143C8E2869F592033 /* Pods-TVSetKit_iOS.debug.xcconfig */ = {isa = PBXFileReference; includeInIndex = 1; lastKnownFileType = text.xcconfig; name = "Pods-TVSetKit_iOS.debug.xcconfig"; path = "Pods/Target Support Files/Pods-TVSetKit_iOS/Pods-TVSetKit_iOS.debug.xcconfig"; sourceTree = "<group>"; };
		F3F2946F6D4283B54822F6C5 /* Pods_TVSetKit_iOS.framework */ = {isa = PBXFileReference; explicitFileType = wrapper.framework; includeInIndex = 0; path = Pods_TVSetKit_iOS.framework; sourceTree = BUILT_PRODUCTS_DIR; };
		FA0604781E932E3D00E43709 /* AudioPlayerManager.framework */ = {isa = PBXFileReference; lastKnownFileType = wrapper.framework; name = AudioPlayerManager.framework; path = "../AudioPlayerManager/AudioPlayerManager/build/Debug-iphoneos/AudioPlayerManager.framework"; sourceTree = "<group>"; };
		FA2786791F93E5C30088F553 /* HistoryManager.swift */ = {isa = PBXFileReference; lastKnownFileType = sourcecode.swift; path = HistoryManager.swift; sourceTree = "<group>"; };
		FA27867B1F93E5EE0088F553 /* BookmarksManager.swift */ = {isa = PBXFileReference; lastKnownFileType = sourcecode.swift; path = BookmarksManager.swift; sourceTree = "<group>"; };
		FA3505281E4663B3009BB40E /* TVSetKit.h */ = {isa = PBXFileReference; lastKnownFileType = sourcecode.c.h; path = TVSetKit.h; sourceTree = "<group>"; };
		FA3505291E4663B3009BB40E /* Info.plist */ = {isa = PBXFileReference; lastKnownFileType = text.plist.info; path = Info.plist; sourceTree = "<group>"; };
		FA3505331E4663B4009BB40E /* TVSetKitTests.swift */ = {isa = PBXFileReference; lastKnownFileType = sourcecode.swift; path = TVSetKitTests.swift; sourceTree = "<group>"; };
		FA3505351E4663B4009BB40E /* Info.plist */ = {isa = PBXFileReference; lastKnownFileType = text.plist.info; path = Info.plist; sourceTree = "<group>"; };
		FA4CDDD01F90EEFF00AF4DCE /* Items.swift */ = {isa = PBXFileReference; fileEncoding = 4; lastKnownFileType = sourcecode.swift; path = Items.swift; sourceTree = "<group>"; };
		FA62DE951E886EBD00637BBA /* Jukebox.framework */ = {isa = PBXFileReference; lastKnownFileType = wrapper.framework; name = Jukebox.framework; path = "../Jukebox/build/Debug-iphoneos/Jukebox.framework"; sourceTree = "<group>"; };
		FA67DC9B1E46933600734FB6 /* MediaItem.swift */ = {isa = PBXFileReference; fileEncoding = 4; lastKnownFileType = sourcecode.swift; path = MediaItem.swift; sourceTree = "<group>"; };
		FA67DC9C1E46933600734FB6 /* MediaName.swift */ = {isa = PBXFileReference; fileEncoding = 4; lastKnownFileType = sourcecode.swift; path = MediaName.swift; sourceTree = "<group>"; };
		FA6C11F41EAA4DCA00DA4A90 /* AudioPlayer.framework */ = {isa = PBXFileReference; lastKnownFileType = wrapper.framework; name = AudioPlayer.framework; path = "../AudioPlayer/build/Debug-iphoneos/AudioPlayer.framework"; sourceTree = "<group>"; };
		FA75747D1E5D2FA000C705C6 /* SwiftyJSON.framework */ = {isa = PBXFileReference; lastKnownFileType = wrapper.framework; name = SwiftyJSON.framework; path = "../WebAPI/build/Release-appletvos/SwiftyJSON.framework"; sourceTree = "<group>"; };
		FA7BDF4A1FA5228E003FCEC3 /* TVSetKit_macOS.framework */ = {isa = PBXFileReference; explicitFileType = wrapper.framework; includeInIndex = 0; path = TVSetKit_macOS.framework; sourceTree = BUILT_PRODUCTS_DIR; };
		FA7BDF4C1FA5228E003FCEC3 /* TVSetKit_macOS.h */ = {isa = PBXFileReference; lastKnownFileType = sourcecode.c.h; path = TVSetKit_macOS.h; sourceTree = "<group>"; };
		FA7BDF4D1FA5228E003FCEC3 /* Info.plist */ = {isa = PBXFileReference; lastKnownFileType = text.plist.xml; path = Info.plist; sourceTree = "<group>"; };
		FA7BDF521FA5228F003FCEC3 /* TVSetKit_macOSTests.xctest */ = {isa = PBXFileReference; explicitFileType = wrapper.cfbundle; includeInIndex = 0; path = TVSetKit_macOSTests.xctest; sourceTree = BUILT_PRODUCTS_DIR; };
		FA7BDF571FA5228F003FCEC3 /* TVSetKit_macOSTests.swift */ = {isa = PBXFileReference; lastKnownFileType = sourcecode.swift; path = TVSetKit_macOSTests.swift; sourceTree = "<group>"; };
		FA7BDF591FA5228F003FCEC3 /* Info.plist */ = {isa = PBXFileReference; lastKnownFileType = text.plist.xml; path = Info.plist; sourceTree = "<group>"; };
		FA7E46511F9BE2C500EA8F1C /* PlainSpinner.swift */ = {isa = PBXFileReference; fileEncoding = 4; lastKnownFileType = sourcecode.swift; path = PlainSpinner.swift; sourceTree = "<group>"; };
		FA88DC011E8EBD5C00AD28D2 /* SwiftyJSON.framework */ = {isa = PBXFileReference; lastKnownFileType = wrapper.framework; name = SwiftyJSON.framework; path = "../../../../../../Library/Developer/Xcode/DerivedData/EtvnetApp-gdyhsaliqubivtfjullxnayrebpq/Build/Products/Debug-appletvos/SwiftyJSON.framework"; sourceTree = "<group>"; };
		FA88DC101E8EBF4100AD28D2 /* SwiftyJSON.framework */ = {isa = PBXFileReference; lastKnownFileType = wrapper.framework; name = SwiftyJSON.framework; path = "../../../../../../Library/Developer/Xcode/DerivedData/EtvnetApp-gdyhsaliqubivtfjullxnayrebpq/Build/Products/Debug-appletvsimulator/SwiftyJSON.framework"; sourceTree = "<group>"; };
		FA88DC121E8EBF5200AD28D2 /* SwiftyJSON.framework */ = {isa = PBXFileReference; lastKnownFileType = wrapper.framework; name = SwiftyJSON.framework; path = "../../../../../../Library/Developer/Xcode/DerivedData/EtvnetApp-gdyhsaliqubivtfjullxnayrebpq/Build/Products/Debug-iphonesimulator/SwiftyJSON.framework"; sourceTree = "<group>"; };
		FA98C0CF1F9BE60300BD7501 /* Files-extension.swift */ = {isa = PBXFileReference; fileEncoding = 4; lastKnownFileType = sourcecode.swift; path = "Files-extension.swift"; sourceTree = "<group>"; };
		FA9A18A01E58958E00DC0DCE /* en */ = {isa = PBXFileReference; lastKnownFileType = text.plist.strings; name = en; path = en.lproj/Localizable.strings; sourceTree = "<group>"; };
		FA9A18A21E58959A00DC0DCE /* ru */ = {isa = PBXFileReference; lastKnownFileType = text.plist.strings; name = ru; path = ru.lproj/Localizable.strings; sourceTree = "<group>"; };
		FAAFE5251EA6E41F0092387A /* AudioPlayer.framework */ = {isa = PBXFileReference; lastKnownFileType = wrapper.framework; name = AudioPlayer.framework; path = "../AudioPlayer/build/Debug-iphoneos/AudioPlayer.framework"; sourceTree = "<group>"; };
		FAB20D5C1F89AB390063458F /* Item.swift */ = {isa = PBXFileReference; fileEncoding = 4; lastKnownFileType = sourcecode.swift; path = Item.swift; sourceTree = "<group>"; };
		FAB327DD1F978E7500925755 /* Configuration.swift */ = {isa = PBXFileReference; lastKnownFileType = sourcecode.swift; path = Configuration.swift; sourceTree = "<group>"; };
		FABA16DF1E8DE899000AFD34 /* AudioPlayerSwift.framework */ = {isa = PBXFileReference; lastKnownFileType = wrapper.framework; name = AudioPlayerSwift.framework; path = "../../../../../../Library/Developer/Xcode/DerivedData/EtvnetApp-gdyhsaliqubivtfjullxnayrebpq/Build/Products/Debug-iphoneos/AudioPlayerSwift.framework"; sourceTree = "<group>"; };
		FAE009521E46A15300941CAD /* UIHelper.swift */ = {isa = PBXFileReference; fileEncoding = 4; lastKnownFileType = sourcecode.swift; path = UIHelper.swift; sourceTree = "<group>"; };
		FAE009551E46A15300941CAD /* AudioPlayerControllerSimple.swift */ = {isa = PBXFileReference; fileEncoding = 4; lastKnownFileType = sourcecode.swift; path = AudioPlayerControllerSimple.swift; sourceTree = "<group>"; };
		FAE009571E46A15300941CAD /* Bookmarks.swift */ = {isa = PBXFileReference; fileEncoding = 4; lastKnownFileType = sourcecode.swift; path = Bookmarks.swift; sourceTree = "<group>"; };
		FAE009581E46A15300941CAD /* CellHelper.swift */ = {isa = PBXFileReference; fileEncoding = 4; lastKnownFileType = sourcecode.swift; path = CellHelper.swift; sourceTree = "<group>"; };
		FAE0095A1E46A15300941CAD /* History.swift */ = {isa = PBXFileReference; fileEncoding = 4; lastKnownFileType = sourcecode.swift; path = History.swift; sourceTree = "<group>"; };
		FAE0095F1E46A15300941CAD /* MediaItemDetailsController.swift */ = {isa = PBXFileReference; fileEncoding = 4; lastKnownFileType = sourcecode.swift; path = MediaItemDetailsController.swift; sourceTree = "<group>"; };
		FAE009601E46A15300941CAD /* MediaItemsController.swift */ = {isa = PBXFileReference; fileEncoding = 4; lastKnownFileType = sourcecode.swift; path = MediaItemsController.swift; sourceTree = "<group>"; };
		FAE009621E46A15300941CAD /* MediaItemsHeaderView.swift */ = {isa = PBXFileReference; fileEncoding = 4; lastKnownFileType = sourcecode.swift; path = MediaItemsHeaderView.swift; sourceTree = "<group>"; };
		FAE009631E46A15300941CAD /* MediaItemsNavigator.swift */ = {isa = PBXFileReference; fileEncoding = 4; lastKnownFileType = sourcecode.swift; path = MediaItemsNavigator.swift; sourceTree = "<group>"; };
		FAE009661E46A15300941CAD /* VideoPlayerController.swift */ = {isa = PBXFileReference; fileEncoding = 4; lastKnownFileType = sourcecode.swift; path = VideoPlayerController.swift; sourceTree = "<group>"; };
		FAED60F11E4693A7007A2B91 /* QualityLevel.swift */ = {isa = PBXFileReference; fileEncoding = 4; lastKnownFileType = sourcecode.swift; path = QualityLevel.swift; sourceTree = "<group>"; };
		FAED610A1E469BCA007A2B91 /* UIColor-extension.swift */ = {isa = PBXFileReference; fileEncoding = 4; lastKnownFileType = sourcecode.swift; path = "UIColor-extension.swift"; sourceTree = "<group>"; };
		FAFF2F2B1EFEEF92002B7C0C /* TVSetKit_iOS.framework */ = {isa = PBXFileReference; explicitFileType = wrapper.framework; includeInIndex = 0; path = TVSetKit_iOS.framework; sourceTree = BUILT_PRODUCTS_DIR; };
		FAFF2F2D1EFEEF92002B7C0C /* TVSetKit_iOS.h */ = {isa = PBXFileReference; lastKnownFileType = sourcecode.c.h; path = TVSetKit_iOS.h; sourceTree = "<group>"; };
		FAFF2F2E1EFEEF92002B7C0C /* Info.plist */ = {isa = PBXFileReference; lastKnownFileType = text.plist.xml; path = Info.plist; sourceTree = "<group>"; };
		FAFF2F331EFEEF92002B7C0C /* TVSetKit_iOSTests.xctest */ = {isa = PBXFileReference; explicitFileType = wrapper.cfbundle; includeInIndex = 0; path = TVSetKit_iOSTests.xctest; sourceTree = BUILT_PRODUCTS_DIR; };
		FAFF2F381EFEEF92002B7C0C /* TVSetKit_iOSTests.swift */ = {isa = PBXFileReference; lastKnownFileType = sourcecode.swift; path = TVSetKit_iOSTests.swift; sourceTree = "<group>"; };
		FAFF2F3A1EFEEF92002B7C0C /* Info.plist */ = {isa = PBXFileReference; lastKnownFileType = text.plist.xml; path = Info.plist; sourceTree = "<group>"; };
		FAFF2F471EFEEFAA002B7C0C /* TVSetKit_tvOS.framework */ = {isa = PBXFileReference; explicitFileType = wrapper.framework; includeInIndex = 0; path = TVSetKit_tvOS.framework; sourceTree = BUILT_PRODUCTS_DIR; };
		FAFF2F491EFEEFAA002B7C0C /* TVSetKit_tvOS.h */ = {isa = PBXFileReference; lastKnownFileType = sourcecode.c.h; path = TVSetKit_tvOS.h; sourceTree = "<group>"; };
		FAFF2F4A1EFEEFAA002B7C0C /* Info.plist */ = {isa = PBXFileReference; lastKnownFileType = text.plist.xml; path = Info.plist; sourceTree = "<group>"; };
		FAFF2F4F1EFEEFAA002B7C0C /* TVSetKit_tvOSTests.xctest */ = {isa = PBXFileReference; explicitFileType = wrapper.cfbundle; includeInIndex = 0; path = TVSetKit_tvOSTests.xctest; sourceTree = BUILT_PRODUCTS_DIR; };
		FAFF2F541EFEEFAA002B7C0C /* TVSetKit_tvOSTests.swift */ = {isa = PBXFileReference; lastKnownFileType = sourcecode.swift; path = TVSetKit_tvOSTests.swift; sourceTree = "<group>"; };
		FAFF2F561EFEEFAA002B7C0C /* Info.plist */ = {isa = PBXFileReference; lastKnownFileType = text.plist.xml; path = Info.plist; sourceTree = "<group>"; };
		FD6DE4261AAF13624CE20CCF /* Pods-TVSetKit_macOSTests.debug.xcconfig */ = {isa = PBXFileReference; includeInIndex = 1; lastKnownFileType = text.xcconfig; name = "Pods-TVSetKit_macOSTests.debug.xcconfig"; path = "Pods/Target Support Files/Pods-TVSetKit_macOSTests/Pods-TVSetKit_macOSTests.debug.xcconfig"; sourceTree = "<group>"; };
/* End PBXFileReference section */

/* Begin PBXFrameworksBuildPhase section */
		FA7BDF461FA5228E003FCEC3 /* Frameworks */ = {
			isa = PBXFrameworksBuildPhase;
			buildActionMask = 2147483647;
			files = (
				F0AC04A39C0C5E590CD5F4C3 /* Pods_TVSetKit_macOS.framework in Frameworks */,
			);
			runOnlyForDeploymentPostprocessing = 0;
		};
		FA7BDF4F1FA5228F003FCEC3 /* Frameworks */ = {
			isa = PBXFrameworksBuildPhase;
			buildActionMask = 2147483647;
			files = (
				FA7BDF531FA5228F003FCEC3 /* TVSetKit_macOS.framework in Frameworks */,
				14727B21E9D5EF8779F94C9B /* Pods_TVSetKit_macOSTests.framework in Frameworks */,
			);
			runOnlyForDeploymentPostprocessing = 0;
		};
		FAFF2F271EFEEF92002B7C0C /* Frameworks */ = {
			isa = PBXFrameworksBuildPhase;
			buildActionMask = 2147483647;
			files = (
				78751435CE1BC36D2EC1257D /* Pods_TVSetKit_iOS.framework in Frameworks */,
			);
			runOnlyForDeploymentPostprocessing = 0;
		};
		FAFF2F301EFEEF92002B7C0C /* Frameworks */ = {
			isa = PBXFrameworksBuildPhase;
			buildActionMask = 2147483647;
			files = (
				FAFF2F341EFEEF92002B7C0C /* TVSetKit_iOS.framework in Frameworks */,
				65BA5E9DBDD122076E3770A1 /* Pods_TVSetKit_iOSTests.framework in Frameworks */,
			);
			runOnlyForDeploymentPostprocessing = 0;
		};
		FAFF2F431EFEEFAA002B7C0C /* Frameworks */ = {
			isa = PBXFrameworksBuildPhase;
			buildActionMask = 2147483647;
			files = (
				C94976DBB971042954E91E0F /* Pods_TVSetKit_tvOS.framework in Frameworks */,
			);
			runOnlyForDeploymentPostprocessing = 0;
		};
		FAFF2F4C1EFEEFAA002B7C0C /* Frameworks */ = {
			isa = PBXFrameworksBuildPhase;
			buildActionMask = 2147483647;
			files = (
				FAFF2F501EFEEFAA002B7C0C /* TVSetKit_tvOS.framework in Frameworks */,
				540F4AE1BED5CBE4DA9CA4D4 /* Pods_TVSetKit_tvOSTests.framework in Frameworks */,
			);
			runOnlyForDeploymentPostprocessing = 0;
		};
/* End PBXFrameworksBuildPhase section */

/* Begin PBXGroup section */
		04C7733D6BF3AF2F81A57ECB /* Pods */ = {
			isa = PBXGroup;
			children = (
				E0BC536143C8E2869F592033 /* Pods-TVSetKit_iOS.debug.xcconfig */,
				85A71651EAC86C478291526B /* Pods-TVSetKit_iOS.release.xcconfig */,
				04B0BC3309BC59D32E617C2F /* Pods-TVSetKit_iOSTests.debug.xcconfig */,
				786F5572C2BC2123747BD64B /* Pods-TVSetKit_iOSTests.release.xcconfig */,
				5290D51CBB4DD9895C6D52E0 /* Pods-TVSetKit_tvOS.debug.xcconfig */,
				4854E4BE807E25B82AA51296 /* Pods-TVSetKit_tvOS.release.xcconfig */,
				6B02581BC51E6755711B1489 /* Pods-TVSetKit_tvOSTests.debug.xcconfig */,
				75D836DD4C045D72AFACF8C4 /* Pods-TVSetKit_tvOSTests.release.xcconfig */,
				E0AF1E00AB17A9DE802C6396 /* Pods-TVSetKit_macOS.debug.xcconfig */,
				726A3F31B3CC5BC631A051DB /* Pods-TVSetKit_macOS.release.xcconfig */,
				FD6DE4261AAF13624CE20CCF /* Pods-TVSetKit_macOSTests.debug.xcconfig */,
				92D35C2703FCC649EA633C53 /* Pods-TVSetKit_macOSTests.release.xcconfig */,
			);
			name = Pods;
			sourceTree = "<group>";
		};
		FA35051B1E4663B3009BB40E = {
			isa = PBXGroup;
			children = (
				FA3505271E4663B3009BB40E /* Sources */,
				FA3505321E4663B4009BB40E /* Tests */,
				FAFF2F2C1EFEEF92002B7C0C /* TVSetKit_iOS */,
				FAFF2F371EFEEF92002B7C0C /* TVSetKit_iOSTests */,
				FAFF2F481EFEEFAA002B7C0C /* TVSetKit_tvOS */,
				FAFF2F531EFEEFAA002B7C0C /* TVSetKit_tvOSTests */,
				FA7BDF4B1FA5228E003FCEC3 /* TVSetKit_macOS */,
				FA7BDF561FA5228F003FCEC3 /* TVSetKit_macOSTests */,
				FA3505261E4663B3009BB40E /* Products */,
				2DBA161608A7DAAC8E767860 /* Package.swift */,
				FA75747C1E5D2F9F00C705C6 /* Frameworks */,
				04C7733D6BF3AF2F81A57ECB /* Pods */,
			);
			sourceTree = "<group>";
		};
		FA3505261E4663B3009BB40E /* Products */ = {
			isa = PBXGroup;
			children = (
				FAFF2F2B1EFEEF92002B7C0C /* TVSetKit_iOS.framework */,
				FAFF2F331EFEEF92002B7C0C /* TVSetKit_iOSTests.xctest */,
				FAFF2F471EFEEFAA002B7C0C /* TVSetKit_tvOS.framework */,
				FAFF2F4F1EFEEFAA002B7C0C /* TVSetKit_tvOSTests.xctest */,
				FA7BDF4A1FA5228E003FCEC3 /* TVSetKit_macOS.framework */,
				FA7BDF521FA5228F003FCEC3 /* TVSetKit_macOSTests.xctest */,
			);
			name = Products;
			sourceTree = "<group>";
		};
		FA3505271E4663B3009BB40E /* Sources */ = {
			isa = PBXGroup;
			children = (
				FA98C0CF1F9BE60300BD7501 /* Files-extension.swift */,
				FA7E46511F9BE2C500EA8F1C /* PlainSpinner.swift */,
				FA4CDDD01F90EEFF00AF4DCE /* Items.swift */,
				FAB20D5C1F89AB390063458F /* Item.swift */,
				FAE009521E46A15300941CAD /* UIHelper.swift */,
				FAE009551E46A15300941CAD /* AudioPlayerControllerSimple.swift */,
				FAE009571E46A15300941CAD /* Bookmarks.swift */,
				FAE009581E46A15300941CAD /* CellHelper.swift */,
				FAE0095A1E46A15300941CAD /* History.swift */,
				FAE0095F1E46A15300941CAD /* MediaItemDetailsController.swift */,
				FAE009601E46A15300941CAD /* MediaItemsController.swift */,
				FAE009621E46A15300941CAD /* MediaItemsHeaderView.swift */,
				FAE009631E46A15300941CAD /* MediaItemsNavigator.swift */,
				FAE009661E46A15300941CAD /* VideoPlayerController.swift */,
				FAED610A1E469BCA007A2B91 /* UIColor-extension.swift */,
				FAED60F11E4693A7007A2B91 /* QualityLevel.swift */,
				FA67DC9B1E46933600734FB6 /* MediaItem.swift */,
				FA67DC9C1E46933600734FB6 /* MediaName.swift */,
				FA3505281E4663B3009BB40E /* TVSetKit.h */,
				FA3505291E4663B3009BB40E /* Info.plist */,
				2DBA1499323797FAEDC75EAE /* UIViewController-extension.swift */,
				2DBA140B06A6A92129BE33D8 /* DataSource.swift */,
				FA9A18A11E58958E00DC0DCE /* Localizable.strings */,
				2DBA10015F1A359BBBCE9565 /* Localizer.swift */,
				2DBA1228A122C19B8CE738CE /* PlayButtonsView.swift */,
				2DBA1558B2069A775BE665DA /* MediaNameTableCell.swift */,
				2DBA1BB1EF60A3C7CB859A48 /* MediaItemTableCell.swift */,
				2DBA10516E2C5005A2F2A0B3 /* MediaNameCell.swift */,
				2DBA179547C0A40A26E75D28 /* MediaItemCell.swift */,
				D56A77D3BA0AD459DB64E3ED /* Parameters.swift */,
				2DBA1DA30A6EA5DDE6B16540 /* SearchTableController.swift */,
				2DBA1F63E04E4BA852D52BC5 /* SearchController.swift */,
				2DBA1D3147AF9FAFBDFEC554 /* TVSetKit.swift */,
				FA2786791F93E5C30088F553 /* HistoryManager.swift */,
				FA27867B1F93E5EE0088F553 /* BookmarksManager.swift */,
				FAB327DD1F978E7500925755 /* Configuration.swift */,
			);
			path = Sources;
			sourceTree = "<group>";
		};
		FA3505321E4663B4009BB40E /* Tests */ = {
			isa = PBXGroup;
			children = (
				FA3505331E4663B4009BB40E /* TVSetKitTests.swift */,
				FA3505351E4663B4009BB40E /* Info.plist */,
			);
			path = Tests;
			sourceTree = "<group>";
		};
		FA75747C1E5D2F9F00C705C6 /* Frameworks */ = {
			isa = PBXGroup;
			children = (
				FA6C11F41EAA4DCA00DA4A90 /* AudioPlayer.framework */,
				FAAFE5251EA6E41F0092387A /* AudioPlayer.framework */,
				FA0604781E932E3D00E43709 /* AudioPlayerManager.framework */,
				FA88DC121E8EBF5200AD28D2 /* SwiftyJSON.framework */,
				FA88DC101E8EBF4100AD28D2 /* SwiftyJSON.framework */,
				FA88DC011E8EBD5C00AD28D2 /* SwiftyJSON.framework */,
				FABA16DF1E8DE899000AFD34 /* AudioPlayerSwift.framework */,
				FA62DE951E886EBD00637BBA /* Jukebox.framework */,
				FA75747D1E5D2FA000C705C6 /* SwiftyJSON.framework */,
				F3F2946F6D4283B54822F6C5 /* Pods_TVSetKit_iOS.framework */,
				AC119240780A7AA660B89057 /* Pods_TVSetKit_iOSTests.framework */,
				06DC458D63330A17812B574E /* Pods_TVSetKit_tvOS.framework */,
				4F190C23784C9EE58AF08371 /* Pods_TVSetKit_tvOSTests.framework */,
				6FDBD465E45DCA1DFA73A257 /* Pods_TVSetKit_macOS.framework */,
				7E91676D37FBF364819E89EE /* Pods_TVSetKit_macOSTests.framework */,
			);
			name = Frameworks;
			sourceTree = "<group>";
		};
		FA7BDF4B1FA5228E003FCEC3 /* TVSetKit_macOS */ = {
			isa = PBXGroup;
			children = (
				FA7BDF4C1FA5228E003FCEC3 /* TVSetKit_macOS.h */,
				FA7BDF4D1FA5228E003FCEC3 /* Info.plist */,
			);
			path = TVSetKit_macOS;
			sourceTree = "<group>";
		};
		FA7BDF561FA5228F003FCEC3 /* TVSetKit_macOSTests */ = {
			isa = PBXGroup;
			children = (
				FA7BDF571FA5228F003FCEC3 /* TVSetKit_macOSTests.swift */,
				FA7BDF591FA5228F003FCEC3 /* Info.plist */,
			);
			path = TVSetKit_macOSTests;
			sourceTree = "<group>";
		};
		FAFF2F2C1EFEEF92002B7C0C /* TVSetKit_iOS */ = {
			isa = PBXGroup;
			children = (
				FAFF2F2D1EFEEF92002B7C0C /* TVSetKit_iOS.h */,
				FAFF2F2E1EFEEF92002B7C0C /* Info.plist */,
			);
			path = TVSetKit_iOS;
			sourceTree = "<group>";
		};
		FAFF2F371EFEEF92002B7C0C /* TVSetKit_iOSTests */ = {
			isa = PBXGroup;
			children = (
				FAFF2F381EFEEF92002B7C0C /* TVSetKit_iOSTests.swift */,
				FAFF2F3A1EFEEF92002B7C0C /* Info.plist */,
			);
			path = TVSetKit_iOSTests;
			sourceTree = "<group>";
		};
		FAFF2F481EFEEFAA002B7C0C /* TVSetKit_tvOS */ = {
			isa = PBXGroup;
			children = (
				FAFF2F491EFEEFAA002B7C0C /* TVSetKit_tvOS.h */,
				FAFF2F4A1EFEEFAA002B7C0C /* Info.plist */,
			);
			path = TVSetKit_tvOS;
			sourceTree = "<group>";
		};
		FAFF2F531EFEEFAA002B7C0C /* TVSetKit_tvOSTests */ = {
			isa = PBXGroup;
			children = (
				FAFF2F541EFEEFAA002B7C0C /* TVSetKit_tvOSTests.swift */,
				FAFF2F561EFEEFAA002B7C0C /* Info.plist */,
			);
			path = TVSetKit_tvOSTests;
			sourceTree = "<group>";
		};
/* End PBXGroup section */

/* Begin PBXHeadersBuildPhase section */
		FA7BDF471FA5228E003FCEC3 /* Headers */ = {
			isa = PBXHeadersBuildPhase;
			buildActionMask = 2147483647;
			files = (
				FA7BDF5A1FA5228F003FCEC3 /* TVSetKit_macOS.h in Headers */,
			);
			runOnlyForDeploymentPostprocessing = 0;
		};
		FAFF2F281EFEEF92002B7C0C /* Headers */ = {
			isa = PBXHeadersBuildPhase;
			buildActionMask = 2147483647;
			files = (
				FAFF2F3B1EFEEF92002B7C0C /* TVSetKit_iOS.h in Headers */,
			);
			runOnlyForDeploymentPostprocessing = 0;
		};
		FAFF2F441EFEEFAA002B7C0C /* Headers */ = {
			isa = PBXHeadersBuildPhase;
			buildActionMask = 2147483647;
			files = (
				FAFF2F571EFEEFAA002B7C0C /* TVSetKit_tvOS.h in Headers */,
			);
			runOnlyForDeploymentPostprocessing = 0;
		};
/* End PBXHeadersBuildPhase section */

/* Begin PBXNativeTarget section */
		FA7BDF491FA5228E003FCEC3 /* TVSetKit_macOS */ = {
			isa = PBXNativeTarget;
			buildConfigurationList = FA7BDF5F1FA5228F003FCEC3 /* Build configuration list for PBXNativeTarget "TVSetKit_macOS" */;
			buildPhases = (
				B75F12CAB1E5E6FE8254ED05 /* [CP] Check Pods Manifest.lock */,
				FA7BDF451FA5228E003FCEC3 /* Sources */,
				FA7BDF461FA5228E003FCEC3 /* Frameworks */,
				FA7BDF471FA5228E003FCEC3 /* Headers */,
				FA7BDF481FA5228E003FCEC3 /* Resources */,
				1A6420863FE50CCF556C374E /* [CP] Copy Pods Resources */,
			);
			buildRules = (
			);
			dependencies = (
			);
			name = TVSetKit_macOS;
			productName = TVSetKit_macOS;
			productReference = FA7BDF4A1FA5228E003FCEC3 /* TVSetKit_macOS.framework */;
			productType = "com.apple.product-type.framework";
		};
		FA7BDF511FA5228F003FCEC3 /* TVSetKit_macOSTests */ = {
			isa = PBXNativeTarget;
			buildConfigurationList = FA7BDF601FA5228F003FCEC3 /* Build configuration list for PBXNativeTarget "TVSetKit_macOSTests" */;
			buildPhases = (
				1D6C9BCD6A5FADBA7574CECF /* [CP] Check Pods Manifest.lock */,
				FA7BDF4E1FA5228F003FCEC3 /* Sources */,
				FA7BDF4F1FA5228F003FCEC3 /* Frameworks */,
				FA7BDF501FA5228F003FCEC3 /* Resources */,
				A0FB56B0B407828785A0C62C /* [CP] Embed Pods Frameworks */,
				5AC9C90AD5540C76072F09A1 /* [CP] Copy Pods Resources */,
			);
			buildRules = (
			);
			dependencies = (
				FA7BDF551FA5228F003FCEC3 /* PBXTargetDependency */,
			);
			name = TVSetKit_macOSTests;
			productName = TVSetKit_macOSTests;
			productReference = FA7BDF521FA5228F003FCEC3 /* TVSetKit_macOSTests.xctest */;
			productType = "com.apple.product-type.bundle.unit-test";
		};
		FAFF2F2A1EFEEF92002B7C0C /* TVSetKit_iOS */ = {
			isa = PBXNativeTarget;
			buildConfigurationList = FAFF2F3C1EFEEF92002B7C0C /* Build configuration list for PBXNativeTarget "TVSetKit_iOS" */;
			buildPhases = (
				B7B2A649A6B362B4C2B2BBC1 /* [CP] Check Pods Manifest.lock */,
				FAFF2F261EFEEF92002B7C0C /* Sources */,
				FAFF2F271EFEEF92002B7C0C /* Frameworks */,
				FAFF2F281EFEEF92002B7C0C /* Headers */,
				FAFF2F291EFEEF92002B7C0C /* Resources */,
				B80961272CCAA034075B1E97 /* [CP] Copy Pods Resources */,
			);
			buildRules = (
			);
			dependencies = (
			);
			name = TVSetKit_iOS;
			productName = TVSetKit_iOS;
			productReference = FAFF2F2B1EFEEF92002B7C0C /* TVSetKit_iOS.framework */;
			productType = "com.apple.product-type.framework";
		};
		FAFF2F321EFEEF92002B7C0C /* TVSetKit_iOSTests */ = {
			isa = PBXNativeTarget;
			buildConfigurationList = FAFF2F3F1EFEEF92002B7C0C /* Build configuration list for PBXNativeTarget "TVSetKit_iOSTests" */;
			buildPhases = (
				3548B76EBADF81287D7E192E /* [CP] Check Pods Manifest.lock */,
				FAFF2F2F1EFEEF92002B7C0C /* Sources */,
				FAFF2F301EFEEF92002B7C0C /* Frameworks */,
				FAFF2F311EFEEF92002B7C0C /* Resources */,
				B6BDC6FAF5F23FD2FC48B0AD /* [CP] Embed Pods Frameworks */,
				677D7D2DA81CE01B06DCD0BF /* [CP] Copy Pods Resources */,
			);
			buildRules = (
			);
			dependencies = (
				FAFF2F361EFEEF92002B7C0C /* PBXTargetDependency */,
			);
			name = TVSetKit_iOSTests;
			productName = TVSetKit_iOSTests;
			productReference = FAFF2F331EFEEF92002B7C0C /* TVSetKit_iOSTests.xctest */;
			productType = "com.apple.product-type.bundle.unit-test";
		};
		FAFF2F461EFEEFAA002B7C0C /* TVSetKit_tvOS */ = {
			isa = PBXNativeTarget;
			buildConfigurationList = FAFF2F581EFEEFAA002B7C0C /* Build configuration list for PBXNativeTarget "TVSetKit_tvOS" */;
			buildPhases = (
				0979F0B37CBA5348F300326D /* [CP] Check Pods Manifest.lock */,
				FAFF2F421EFEEFAA002B7C0C /* Sources */,
				FAFF2F431EFEEFAA002B7C0C /* Frameworks */,
				FAFF2F441EFEEFAA002B7C0C /* Headers */,
				FAFF2F451EFEEFAA002B7C0C /* Resources */,
				26981A00971F3FE6942E6582 /* [CP] Copy Pods Resources */,
			);
			buildRules = (
			);
			dependencies = (
			);
			name = TVSetKit_tvOS;
			productName = TVSetKit_tvOS;
			productReference = FAFF2F471EFEEFAA002B7C0C /* TVSetKit_tvOS.framework */;
			productType = "com.apple.product-type.framework";
		};
		FAFF2F4E1EFEEFAA002B7C0C /* TVSetKit_tvOSTests */ = {
			isa = PBXNativeTarget;
			buildConfigurationList = FAFF2F5B1EFEEFAA002B7C0C /* Build configuration list for PBXNativeTarget "TVSetKit_tvOSTests" */;
			buildPhases = (
				0C61EBEAF9AE1071A8C97A2D /* [CP] Check Pods Manifest.lock */,
				FAFF2F4B1EFEEFAA002B7C0C /* Sources */,
				FAFF2F4C1EFEEFAA002B7C0C /* Frameworks */,
				FAFF2F4D1EFEEFAA002B7C0C /* Resources */,
				E9DB1B41EC085F8223E0A423 /* [CP] Embed Pods Frameworks */,
				F14738D10657EFE2B7D81AD1 /* [CP] Copy Pods Resources */,
			);
			buildRules = (
			);
			dependencies = (
				FAFF2F521EFEEFAA002B7C0C /* PBXTargetDependency */,
			);
			name = TVSetKit_tvOSTests;
			productName = TVSetKit_tvOSTests;
			productReference = FAFF2F4F1EFEEFAA002B7C0C /* TVSetKit_tvOSTests.xctest */;
			productType = "com.apple.product-type.bundle.unit-test";
		};
/* End PBXNativeTarget section */

/* Begin PBXProject section */
		FA35051C1E4663B3009BB40E /* Project object */ = {
			isa = PBXProject;
			attributes = {
				LastSwiftUpdateCheck = 0900;
				LastUpgradeCheck = 0900;
				ORGANIZATIONNAME = "Alexander Shvets";
				TargetAttributes = {
					FA7BDF491FA5228E003FCEC3 = {
						CreatedOnToolsVersion = 9.0.1;
						DevelopmentTeam = Y63DEDERL2;
						ProvisioningStyle = Automatic;
					};
					FA7BDF511FA5228F003FCEC3 = {
						CreatedOnToolsVersion = 9.0.1;
						DevelopmentTeam = Y63DEDERL2;
						ProvisioningStyle = Automatic;
					};
					FAFF2F2A1EFEEF92002B7C0C = {
						CreatedOnToolsVersion = 8.3.3;
						DevelopmentTeam = Y63DEDERL2;
						LastSwiftMigration = 0900;
						ProvisioningStyle = Automatic;
					};
					FAFF2F321EFEEF92002B7C0C = {
						CreatedOnToolsVersion = 8.3.3;
						DevelopmentTeam = Y63DEDERL2;
						LastSwiftMigration = 0900;
						ProvisioningStyle = Automatic;
					};
					FAFF2F461EFEEFAA002B7C0C = {
						CreatedOnToolsVersion = 8.3.3;
						DevelopmentTeam = Y63DEDERL2;
						LastSwiftMigration = 0900;
						ProvisioningStyle = Automatic;
					};
					FAFF2F4E1EFEEFAA002B7C0C = {
						CreatedOnToolsVersion = 8.3.3;
						DevelopmentTeam = Y63DEDERL2;
						ProvisioningStyle = Automatic;
					};
				};
			};
			buildConfigurationList = FA35051F1E4663B3009BB40E /* Build configuration list for PBXProject "TVSetKit" */;
			compatibilityVersion = "Xcode 3.2";
			developmentRegion = English;
			hasScannedForEncodings = 0;
			knownRegions = (
				en,
				ru,
			);
			mainGroup = FA35051B1E4663B3009BB40E;
			productRefGroup = FA3505261E4663B3009BB40E /* Products */;
			projectDirPath = "";
			projectRoot = "";
			targets = (
				FAFF2F2A1EFEEF92002B7C0C /* TVSetKit_iOS */,
				FAFF2F321EFEEF92002B7C0C /* TVSetKit_iOSTests */,
				FAFF2F461EFEEFAA002B7C0C /* TVSetKit_tvOS */,
				FAFF2F4E1EFEEFAA002B7C0C /* TVSetKit_tvOSTests */,
				FA7BDF491FA5228E003FCEC3 /* TVSetKit_macOS */,
				FA7BDF511FA5228F003FCEC3 /* TVSetKit_macOSTests */,
			);
		};
/* End PBXProject section */

/* Begin PBXResourcesBuildPhase section */
		FA7BDF481FA5228E003FCEC3 /* Resources */ = {
			isa = PBXResourcesBuildPhase;
			buildActionMask = 2147483647;
			files = (
			);
			runOnlyForDeploymentPostprocessing = 0;
		};
		FA7BDF501FA5228F003FCEC3 /* Resources */ = {
			isa = PBXResourcesBuildPhase;
			buildActionMask = 2147483647;
			files = (
			);
			runOnlyForDeploymentPostprocessing = 0;
		};
		FAFF2F291EFEEF92002B7C0C /* Resources */ = {
			isa = PBXResourcesBuildPhase;
			buildActionMask = 2147483647;
			files = (
			);
			runOnlyForDeploymentPostprocessing = 0;
		};
		FAFF2F311EFEEF92002B7C0C /* Resources */ = {
			isa = PBXResourcesBuildPhase;
			buildActionMask = 2147483647;
			files = (
			);
			runOnlyForDeploymentPostprocessing = 0;
		};
		FAFF2F451EFEEFAA002B7C0C /* Resources */ = {
			isa = PBXResourcesBuildPhase;
			buildActionMask = 2147483647;
			files = (
			);
			runOnlyForDeploymentPostprocessing = 0;
		};
		FAFF2F4D1EFEEFAA002B7C0C /* Resources */ = {
			isa = PBXResourcesBuildPhase;
			buildActionMask = 2147483647;
			files = (
			);
			runOnlyForDeploymentPostprocessing = 0;
		};
/* End PBXResourcesBuildPhase section */

/* Begin PBXShellScriptBuildPhase section */
		0979F0B37CBA5348F300326D /* [CP] Check Pods Manifest.lock */ = {
			isa = PBXShellScriptBuildPhase;
			buildActionMask = 2147483647;
			files = (
			);
			inputPaths = (
				"${PODS_PODFILE_DIR_PATH}/Podfile.lock",
				"${PODS_ROOT}/Manifest.lock",
			);
			name = "[CP] Check Pods Manifest.lock";
			outputPaths = (
				"$(DERIVED_FILE_DIR)/Pods-TVSetKit_tvOS-checkManifestLockResult.txt",
			);
			runOnlyForDeploymentPostprocessing = 0;
			shellPath = /bin/sh;
			shellScript = "diff \"${PODS_PODFILE_DIR_PATH}/Podfile.lock\" \"${PODS_ROOT}/Manifest.lock\" > /dev/null\nif [ $? != 0 ] ; then\n    # print error to STDERR\n    echo \"error: The sandbox is not in sync with the Podfile.lock. Run 'pod install' or update your CocoaPods installation.\" >&2\n    exit 1\nfi\n# This output is used by Xcode 'outputs' to avoid re-running this script phase.\necho \"SUCCESS\" > \"${SCRIPT_OUTPUT_FILE_0}\"\n";
			showEnvVarsInLog = 0;
		};
		0C61EBEAF9AE1071A8C97A2D /* [CP] Check Pods Manifest.lock */ = {
			isa = PBXShellScriptBuildPhase;
			buildActionMask = 2147483647;
			files = (
			);
			inputPaths = (
				"${PODS_PODFILE_DIR_PATH}/Podfile.lock",
				"${PODS_ROOT}/Manifest.lock",
			);
			name = "[CP] Check Pods Manifest.lock";
			outputPaths = (
				"$(DERIVED_FILE_DIR)/Pods-TVSetKit_tvOSTests-checkManifestLockResult.txt",
			);
			runOnlyForDeploymentPostprocessing = 0;
			shellPath = /bin/sh;
			shellScript = "diff \"${PODS_PODFILE_DIR_PATH}/Podfile.lock\" \"${PODS_ROOT}/Manifest.lock\" > /dev/null\nif [ $? != 0 ] ; then\n    # print error to STDERR\n    echo \"error: The sandbox is not in sync with the Podfile.lock. Run 'pod install' or update your CocoaPods installation.\" >&2\n    exit 1\nfi\n# This output is used by Xcode 'outputs' to avoid re-running this script phase.\necho \"SUCCESS\" > \"${SCRIPT_OUTPUT_FILE_0}\"\n";
			showEnvVarsInLog = 0;
		};
		1A6420863FE50CCF556C374E /* [CP] Copy Pods Resources */ = {
			isa = PBXShellScriptBuildPhase;
			buildActionMask = 2147483647;
			files = (
			);
			inputPaths = (
			);
			name = "[CP] Copy Pods Resources";
			outputPaths = (
			);
			runOnlyForDeploymentPostprocessing = 0;
			shellPath = /bin/sh;
			shellScript = "\"${SRCROOT}/Pods/Target Support Files/Pods-TVSetKit_macOS/Pods-TVSetKit_macOS-resources.sh\"\n";
			showEnvVarsInLog = 0;
		};
		1D6C9BCD6A5FADBA7574CECF /* [CP] Check Pods Manifest.lock */ = {
			isa = PBXShellScriptBuildPhase;
			buildActionMask = 2147483647;
			files = (
			);
			inputPaths = (
				"${PODS_PODFILE_DIR_PATH}/Podfile.lock",
				"${PODS_ROOT}/Manifest.lock",
			);
			name = "[CP] Check Pods Manifest.lock";
			outputPaths = (
				"$(DERIVED_FILE_DIR)/Pods-TVSetKit_macOSTests-checkManifestLockResult.txt",
			);
			runOnlyForDeploymentPostprocessing = 0;
			shellPath = /bin/sh;
			shellScript = "diff \"${PODS_PODFILE_DIR_PATH}/Podfile.lock\" \"${PODS_ROOT}/Manifest.lock\" > /dev/null\nif [ $? != 0 ] ; then\n    # print error to STDERR\n    echo \"error: The sandbox is not in sync with the Podfile.lock. Run 'pod install' or update your CocoaPods installation.\" >&2\n    exit 1\nfi\n# This output is used by Xcode 'outputs' to avoid re-running this script phase.\necho \"SUCCESS\" > \"${SCRIPT_OUTPUT_FILE_0}\"\n";
			showEnvVarsInLog = 0;
		};
		26981A00971F3FE6942E6582 /* [CP] Copy Pods Resources */ = {
			isa = PBXShellScriptBuildPhase;
			buildActionMask = 2147483647;
			files = (
			);
			inputPaths = (
			);
			name = "[CP] Copy Pods Resources";
			outputPaths = (
			);
			runOnlyForDeploymentPostprocessing = 0;
			shellPath = /bin/sh;
			shellScript = "\"${SRCROOT}/Pods/Target Support Files/Pods-TVSetKit_tvOS/Pods-TVSetKit_tvOS-resources.sh\"\n";
			showEnvVarsInLog = 0;
		};
		3548B76EBADF81287D7E192E /* [CP] Check Pods Manifest.lock */ = {
			isa = PBXShellScriptBuildPhase;
			buildActionMask = 2147483647;
			files = (
			);
			inputPaths = (
				"${PODS_PODFILE_DIR_PATH}/Podfile.lock",
				"${PODS_ROOT}/Manifest.lock",
			);
			name = "[CP] Check Pods Manifest.lock";
			outputPaths = (
				"$(DERIVED_FILE_DIR)/Pods-TVSetKit_iOSTests-checkManifestLockResult.txt",
			);
			runOnlyForDeploymentPostprocessing = 0;
			shellPath = /bin/sh;
			shellScript = "diff \"${PODS_PODFILE_DIR_PATH}/Podfile.lock\" \"${PODS_ROOT}/Manifest.lock\" > /dev/null\nif [ $? != 0 ] ; then\n    # print error to STDERR\n    echo \"error: The sandbox is not in sync with the Podfile.lock. Run 'pod install' or update your CocoaPods installation.\" >&2\n    exit 1\nfi\n# This output is used by Xcode 'outputs' to avoid re-running this script phase.\necho \"SUCCESS\" > \"${SCRIPT_OUTPUT_FILE_0}\"\n";
			showEnvVarsInLog = 0;
		};
		5AC9C90AD5540C76072F09A1 /* [CP] Copy Pods Resources */ = {
			isa = PBXShellScriptBuildPhase;
			buildActionMask = 2147483647;
			files = (
			);
			inputPaths = (
			);
			name = "[CP] Copy Pods Resources";
			outputPaths = (
			);
			runOnlyForDeploymentPostprocessing = 0;
			shellPath = /bin/sh;
			shellScript = "\"${SRCROOT}/Pods/Target Support Files/Pods-TVSetKit_macOSTests/Pods-TVSetKit_macOSTests-resources.sh\"\n";
			showEnvVarsInLog = 0;
		};
		677D7D2DA81CE01B06DCD0BF /* [CP] Copy Pods Resources */ = {
			isa = PBXShellScriptBuildPhase;
			buildActionMask = 2147483647;
			files = (
			);
			inputPaths = (
			);
			name = "[CP] Copy Pods Resources";
			outputPaths = (
			);
			runOnlyForDeploymentPostprocessing = 0;
			shellPath = /bin/sh;
			shellScript = "\"${SRCROOT}/Pods/Target Support Files/Pods-TVSetKit_iOSTests/Pods-TVSetKit_iOSTests-resources.sh\"\n";
			showEnvVarsInLog = 0;
		};
		A0FB56B0B407828785A0C62C /* [CP] Embed Pods Frameworks */ = {
			isa = PBXShellScriptBuildPhase;
			buildActionMask = 2147483647;
			files = (
			);
			inputPaths = (
				"${SRCROOT}/Pods/Target Support Files/Pods-TVSetKit_macOSTests/Pods-TVSetKit_macOSTests-frameworks.sh",
				"${BUILT_PRODUCTS_DIR}/Files-macOS/Files.framework",
				"${BUILT_PRODUCTS_DIR}/SwiftyJSON-macOS/SwiftyJSON.framework",
				"${BUILT_PRODUCTS_DIR}/ConfigFile/ConfigFile.framework",
				"${BUILT_PRODUCTS_DIR}/PageLoader/PageLoader.framework",
				"${BUILT_PRODUCTS_DIR}/Runglish/Runglish.framework",
			);
			name = "[CP] Embed Pods Frameworks";
			outputPaths = (
				"${TARGET_BUILD_DIR}/${FRAMEWORKS_FOLDER_PATH}/Files.framework",
				"${TARGET_BUILD_DIR}/${FRAMEWORKS_FOLDER_PATH}/SwiftyJSON.framework",
				"${TARGET_BUILD_DIR}/${FRAMEWORKS_FOLDER_PATH}/ConfigFile.framework",
				"${TARGET_BUILD_DIR}/${FRAMEWORKS_FOLDER_PATH}/PageLoader.framework",
				"${TARGET_BUILD_DIR}/${FRAMEWORKS_FOLDER_PATH}/Runglish.framework",
			);
			runOnlyForDeploymentPostprocessing = 0;
			shellPath = /bin/sh;
			shellScript = "\"${SRCROOT}/Pods/Target Support Files/Pods-TVSetKit_macOSTests/Pods-TVSetKit_macOSTests-frameworks.sh\"\n";
			showEnvVarsInLog = 0;
		};
		B6BDC6FAF5F23FD2FC48B0AD /* [CP] Embed Pods Frameworks */ = {
			isa = PBXShellScriptBuildPhase;
			buildActionMask = 2147483647;
			files = (
			);
			inputPaths = (
				"${SRCROOT}/Pods/Target Support Files/Pods-TVSetKit_iOSTests/Pods-TVSetKit_iOSTests-frameworks.sh",
				"${BUILT_PRODUCTS_DIR}/AudioPlayer/AudioPlayer.framework",
				"${BUILT_PRODUCTS_DIR}/Files-iOS/Files.framework",
				"${BUILT_PRODUCTS_DIR}/SwiftyJSON-iOS/SwiftyJSON.framework",
			);
			name = "[CP] Embed Pods Frameworks";
			outputPaths = (
				"${TARGET_BUILD_DIR}/${FRAMEWORKS_FOLDER_PATH}/AudioPlayer.framework",
				"${TARGET_BUILD_DIR}/${FRAMEWORKS_FOLDER_PATH}/Files.framework",
				"${TARGET_BUILD_DIR}/${FRAMEWORKS_FOLDER_PATH}/SwiftyJSON.framework",
			);
			runOnlyForDeploymentPostprocessing = 0;
			shellPath = /bin/sh;
			shellScript = "\"${SRCROOT}/Pods/Target Support Files/Pods-TVSetKit_iOSTests/Pods-TVSetKit_iOSTests-frameworks.sh\"\n";
			showEnvVarsInLog = 0;
		};
		B75F12CAB1E5E6FE8254ED05 /* [CP] Check Pods Manifest.lock */ = {
			isa = PBXShellScriptBuildPhase;
			buildActionMask = 2147483647;
			files = (
			);
			inputPaths = (
				"${PODS_PODFILE_DIR_PATH}/Podfile.lock",
				"${PODS_ROOT}/Manifest.lock",
			);
			name = "[CP] Check Pods Manifest.lock";
			outputPaths = (
				"$(DERIVED_FILE_DIR)/Pods-TVSetKit_macOS-checkManifestLockResult.txt",
			);
			runOnlyForDeploymentPostprocessing = 0;
			shellPath = /bin/sh;
			shellScript = "diff \"${PODS_PODFILE_DIR_PATH}/Podfile.lock\" \"${PODS_ROOT}/Manifest.lock\" > /dev/null\nif [ $? != 0 ] ; then\n    # print error to STDERR\n    echo \"error: The sandbox is not in sync with the Podfile.lock. Run 'pod install' or update your CocoaPods installation.\" >&2\n    exit 1\nfi\n# This output is used by Xcode 'outputs' to avoid re-running this script phase.\necho \"SUCCESS\" > \"${SCRIPT_OUTPUT_FILE_0}\"\n";
			showEnvVarsInLog = 0;
		};
		B7B2A649A6B362B4C2B2BBC1 /* [CP] Check Pods Manifest.lock */ = {
			isa = PBXShellScriptBuildPhase;
			buildActionMask = 2147483647;
			files = (
			);
			inputPaths = (
				"${PODS_PODFILE_DIR_PATH}/Podfile.lock",
				"${PODS_ROOT}/Manifest.lock",
			);
			name = "[CP] Check Pods Manifest.lock";
			outputPaths = (
				"$(DERIVED_FILE_DIR)/Pods-TVSetKit_iOS-checkManifestLockResult.txt",
			);
			runOnlyForDeploymentPostprocessing = 0;
			shellPath = /bin/sh;
			shellScript = "diff \"${PODS_PODFILE_DIR_PATH}/Podfile.lock\" \"${PODS_ROOT}/Manifest.lock\" > /dev/null\nif [ $? != 0 ] ; then\n    # print error to STDERR\n    echo \"error: The sandbox is not in sync with the Podfile.lock. Run 'pod install' or update your CocoaPods installation.\" >&2\n    exit 1\nfi\n# This output is used by Xcode 'outputs' to avoid re-running this script phase.\necho \"SUCCESS\" > \"${SCRIPT_OUTPUT_FILE_0}\"\n";
			showEnvVarsInLog = 0;
		};
		B80961272CCAA034075B1E97 /* [CP] Copy Pods Resources */ = {
			isa = PBXShellScriptBuildPhase;
			buildActionMask = 2147483647;
			files = (
			);
			inputPaths = (
			);
			name = "[CP] Copy Pods Resources";
			outputPaths = (
			);
			runOnlyForDeploymentPostprocessing = 0;
			shellPath = /bin/sh;
			shellScript = "\"${SRCROOT}/Pods/Target Support Files/Pods-TVSetKit_iOS/Pods-TVSetKit_iOS-resources.sh\"\n";
			showEnvVarsInLog = 0;
		};
		E9DB1B41EC085F8223E0A423 /* [CP] Embed Pods Frameworks */ = {
			isa = PBXShellScriptBuildPhase;
			buildActionMask = 2147483647;
			files = (
			);
			inputPaths = (
				"${SRCROOT}/Pods/Target Support Files/Pods-TVSetKit_tvOSTests/Pods-TVSetKit_tvOSTests-frameworks.sh",
				"${BUILT_PRODUCTS_DIR}/Files-tvOS/Files.framework",
				"${BUILT_PRODUCTS_DIR}/SwiftyJSON-tvOS/SwiftyJSON.framework",
			);
			name = "[CP] Embed Pods Frameworks";
			outputPaths = (
				"${TARGET_BUILD_DIR}/${FRAMEWORKS_FOLDER_PATH}/Files.framework",
				"${TARGET_BUILD_DIR}/${FRAMEWORKS_FOLDER_PATH}/SwiftyJSON.framework",
			);
			runOnlyForDeploymentPostprocessing = 0;
			shellPath = /bin/sh;
			shellScript = "\"${SRCROOT}/Pods/Target Support Files/Pods-TVSetKit_tvOSTests/Pods-TVSetKit_tvOSTests-frameworks.sh\"\n";
			showEnvVarsInLog = 0;
		};
		F14738D10657EFE2B7D81AD1 /* [CP] Copy Pods Resources */ = {
			isa = PBXShellScriptBuildPhase;
			buildActionMask = 2147483647;
			files = (
			);
			inputPaths = (
			);
			name = "[CP] Copy Pods Resources";
			outputPaths = (
			);
			runOnlyForDeploymentPostprocessing = 0;
			shellPath = /bin/sh;
			shellScript = "\"${SRCROOT}/Pods/Target Support Files/Pods-TVSetKit_tvOSTests/Pods-TVSetKit_tvOSTests-resources.sh\"\n";
			showEnvVarsInLog = 0;
		};
/* End PBXShellScriptBuildPhase section */

/* Begin PBXSourcesBuildPhase section */
		FA7BDF451FA5228E003FCEC3 /* Sources */ = {
			isa = PBXSourcesBuildPhase;
			buildActionMask = 2147483647;
			files = (
			);
			runOnlyForDeploymentPostprocessing = 0;
		};
		FA7BDF4E1FA5228F003FCEC3 /* Sources */ = {
			isa = PBXSourcesBuildPhase;
			buildActionMask = 2147483647;
			files = (
				FA7BDF581FA5228F003FCEC3 /* TVSetKit_macOSTests.swift in Sources */,
			);
			runOnlyForDeploymentPostprocessing = 0;
		};
		FAFF2F261EFEEF92002B7C0C /* Sources */ = {
			isa = PBXSourcesBuildPhase;
			buildActionMask = 2147483647;
			files = (
				FA98C0D01F9BE60300BD7501 /* Files-extension.swift in Sources */,
				FADECD6B1F9BDE1000C9C42C /* MediaItemDetailsController.swift in Sources */,
				FAB20D5D1F89AB390063458F /* Item.swift in Sources */,
				FADECD671F9BDDED00C9C42C /* CellHelper.swift in Sources */,
				FADECD741F9BDE1B00C9C42C /* UIViewController-extension.swift in Sources */,
				FADECD7B1F9BDE2100C9C42C /* MediaItemCell.swift in Sources */,
				FADECD661F9BDDE700C9C42C /* AudioPlayerControllerSimple.swift in Sources */,
				FADECD751F9BDE1B00C9C42C /* DataSource.swift in Sources */,
				FADECD781F9BDE2100C9C42C /* MediaNameTableCell.swift in Sources */,
				FADECD681F9BDDF600C9C42C /* History.swift in Sources */,
				FADECD641F9BDDDA00C9C42C /* Bookmarks.swift in Sources */,
				FADECD691F9BDE0500C9C42C /* MediaItem.swift in Sources */,
				FA4CDDD11F90EEFF00AF4DCE /* Items.swift in Sources */,
				FADECD6A1F9BDE0800C9C42C /* MediaName.swift in Sources */,
				FA27867A1F93E5C30088F553 /* HistoryManager.swift in Sources */,
				FADECD701F9BDE1000C9C42C /* UIColor-extension.swift in Sources */,
				FA27867C1F93E5EE0088F553 /* BookmarksManager.swift in Sources */,
				FADECD771F9BDE2100C9C42C /* PlayButtonsView.swift in Sources */,
				FADECD6D1F9BDE1000C9C42C /* MediaItemsHeaderView.swift in Sources */,
				FADECD761F9BDE2100C9C42C /* Localizer.swift in Sources */,
				FADECD6F1F9BDE1000C9C42C /* VideoPlayerController.swift in Sources */,
				FADECD7A1F9BDE2100C9C42C /* MediaNameCell.swift in Sources */,
				FADECD801F9BDE2100C9C42C /* TVSetKit.swift in Sources */,
				FA7E46521F9BE2C500EA8F1C /* PlainSpinner.swift in Sources */,
				FADECD7E1F9BDE2100C9C42C /* SearchTableController.swift in Sources */,
				FADECD711F9BDE1000C9C42C /* QualityLevel.swift in Sources */,
				FADECD6E1F9BDE1000C9C42C /* MediaItemsNavigator.swift in Sources */,
				FADECD7F1F9BDE2100C9C42C /* SearchController.swift in Sources */,
				FAB327DE1F978E7500925755 /* Configuration.swift in Sources */,
				FADECD6C1F9BDE1000C9C42C /* MediaItemsController.swift in Sources */,
				FADECD791F9BDE2100C9C42C /* MediaItemTableCell.swift in Sources */,
				FADECD651F9BDDE400C9C42C /* UIHelper.swift in Sources */,
				FADECD7D1F9BDE2100C9C42C /* Parameters.swift in Sources */,
			);
			runOnlyForDeploymentPostprocessing = 0;
		};
		FAFF2F2F1EFEEF92002B7C0C /* Sources */ = {
			isa = PBXSourcesBuildPhase;
			buildActionMask = 2147483647;
			files = (
				FAFF2F391EFEEF92002B7C0C /* TVSetKit_iOSTests.swift in Sources */,
			);
			runOnlyForDeploymentPostprocessing = 0;
		};
		FAFF2F421EFEEFAA002B7C0C /* Sources */ = {
			isa = PBXSourcesBuildPhase;
			buildActionMask = 2147483647;
			files = (
				FADECDA01F9BDE2E00C9C42C /* QualityLevel.swift in Sources */,
				FADECD931F9BDE2E00C9C42C /* Item.swift in Sources */,
				FADECDA21F9BDE2E00C9C42C /* MediaName.swift in Sources */,
				FADECD9B1F9BDE2E00C9C42C /* MediaItemsController.swift in Sources */,
				FADECD961F9BDE2E00C9C42C /* AudioPlayerControllerSimple.swift in Sources */,
				FADECD951F9BDE2E00C9C42C /* UIHelper.swift in Sources */,
				FADECD831F9BDE2200C9C42C /* MediaNameTableCell.swift in Sources */,
				FADECD851F9BDE2200C9C42C /* MediaNameCell.swift in Sources */,
				FADECD891F9BDE2200C9C42C /* SearchTableController.swift in Sources */,
				FAB327DF1F978E7500925755 /* Configuration.swift in Sources */,
				FADECD991F9BDE2E00C9C42C /* History.swift in Sources */,
				FADECD861F9BDE2200C9C42C /* MediaItemCell.swift in Sources */,
				FADECD981F9BDE2E00C9C42C /* CellHelper.swift in Sources */,
				FADECDA11F9BDE2E00C9C42C /* MediaItem.swift in Sources */,
				FADECD971F9BDE2E00C9C42C /* Bookmarks.swift in Sources */,
				FADECD841F9BDE2200C9C42C /* MediaItemTableCell.swift in Sources */,
				FADECD8C1F9BDE2200C9C42C /* HistoryManager.swift in Sources */,
				FADECD9D1F9BDE2E00C9C42C /* MediaItemsNavigator.swift in Sources */,
				FADECD921F9BDE2E00C9C42C /* Items.swift in Sources */,
				FADECD821F9BDE2200C9C42C /* PlayButtonsView.swift in Sources */,
				FADECD8B1F9BDE2200C9C42C /* TVSetKit.swift in Sources */,
				FADECD901F9BDE2800C9C42C /* UIViewController-extension.swift in Sources */,
				FADECD911F9BDE2800C9C42C /* DataSource.swift in Sources */,
				FADECD811F9BDE2200C9C42C /* Localizer.swift in Sources */,
				FADECD8A1F9BDE2200C9C42C /* SearchController.swift in Sources */,
				FADECD9F1F9BDE2E00C9C42C /* UIColor-extension.swift in Sources */,
				FADECD8D1F9BDE2200C9C42C /* BookmarksManager.swift in Sources */,
				FADECD9C1F9BDE2E00C9C42C /* MediaItemsHeaderView.swift in Sources */,
				FADECD9A1F9BDE2E00C9C42C /* MediaItemDetailsController.swift in Sources */,
				FADECD9E1F9BDE2E00C9C42C /* VideoPlayerController.swift in Sources */,
				FADECD881F9BDE2200C9C42C /* Parameters.swift in Sources */,
			);
			runOnlyForDeploymentPostprocessing = 0;
		};
		FAFF2F4B1EFEEFAA002B7C0C /* Sources */ = {
			isa = PBXSourcesBuildPhase;
			buildActionMask = 2147483647;
			files = (
				FAFF2F551EFEEFAA002B7C0C /* TVSetKit_tvOSTests.swift in Sources */,
			);
			runOnlyForDeploymentPostprocessing = 0;
		};
/* End PBXSourcesBuildPhase section */

/* Begin PBXTargetDependency section */
		FA7BDF551FA5228F003FCEC3 /* PBXTargetDependency */ = {
			isa = PBXTargetDependency;
			target = FA7BDF491FA5228E003FCEC3 /* TVSetKit_macOS */;
			targetProxy = FA7BDF541FA5228F003FCEC3 /* PBXContainerItemProxy */;
		};
		FAFF2F361EFEEF92002B7C0C /* PBXTargetDependency */ = {
			isa = PBXTargetDependency;
			target = FAFF2F2A1EFEEF92002B7C0C /* TVSetKit_iOS */;
			targetProxy = FAFF2F351EFEEF92002B7C0C /* PBXContainerItemProxy */;
		};
		FAFF2F521EFEEFAA002B7C0C /* PBXTargetDependency */ = {
			isa = PBXTargetDependency;
			target = FAFF2F461EFEEFAA002B7C0C /* TVSetKit_tvOS */;
			targetProxy = FAFF2F511EFEEFAA002B7C0C /* PBXContainerItemProxy */;
		};
/* End PBXTargetDependency section */

/* Begin PBXVariantGroup section */
		FA9A18A11E58958E00DC0DCE /* Localizable.strings */ = {
			isa = PBXVariantGroup;
			children = (
				FA9A18A01E58958E00DC0DCE /* en */,
				FA9A18A21E58959A00DC0DCE /* ru */,
			);
			name = Localizable.strings;
			sourceTree = "<group>";
		};
/* End PBXVariantGroup section */

/* Begin XCBuildConfiguration section */
		FA3505371E4663B4009BB40E /* Debug */ = {
			isa = XCBuildConfiguration;
			buildSettings = {
				ALWAYS_EMBED_SWIFT_STANDARD_LIBRARIES = "$(inherited)";
				ALWAYS_SEARCH_USER_PATHS = NO;
				CLANG_ANALYZER_LOCALIZABILITY_NONLOCALIZED = YES;
				CLANG_ANALYZER_NONNULL = YES;
				CLANG_CXX_LANGUAGE_STANDARD = "gnu++0x";
				CLANG_CXX_LIBRARY = "libc++";
				CLANG_ENABLE_MODULES = YES;
				CLANG_ENABLE_OBJC_ARC = YES;
				CLANG_WARN_BLOCK_CAPTURE_AUTORELEASING = YES;
				CLANG_WARN_BOOL_CONVERSION = YES;
				CLANG_WARN_COMMA = YES;
				CLANG_WARN_CONSTANT_CONVERSION = YES;
				CLANG_WARN_DIRECT_OBJC_ISA_USAGE = YES_ERROR;
				CLANG_WARN_DOCUMENTATION_COMMENTS = YES;
				CLANG_WARN_EMPTY_BODY = YES;
				CLANG_WARN_ENUM_CONVERSION = YES;
				CLANG_WARN_INFINITE_RECURSION = YES;
				CLANG_WARN_INT_CONVERSION = YES;
				CLANG_WARN_NON_LITERAL_NULL_CONVERSION = YES;
				CLANG_WARN_OBJC_LITERAL_CONVERSION = YES;
				CLANG_WARN_OBJC_ROOT_CLASS = YES_ERROR;
				CLANG_WARN_RANGE_LOOP_ANALYSIS = YES;
				CLANG_WARN_STRICT_PROTOTYPES = YES;
				CLANG_WARN_SUSPICIOUS_MOVE = YES;
				CLANG_WARN_UNREACHABLE_CODE = YES;
				CLANG_WARN__DUPLICATE_METHOD_MATCH = YES;
				COPY_PHASE_STRIP = NO;
				CURRENT_PROJECT_VERSION = 1;
				DEBUG_INFORMATION_FORMAT = dwarf;
				ENABLE_STRICT_OBJC_MSGSEND = YES;
				ENABLE_TESTABILITY = YES;
				GCC_C_LANGUAGE_STANDARD = gnu99;
				GCC_DYNAMIC_NO_PIC = NO;
				GCC_NO_COMMON_BLOCKS = YES;
				GCC_OPTIMIZATION_LEVEL = 0;
				GCC_PREPROCESSOR_DEFINITIONS = (
					"DEBUG=1",
					"$(inherited)",
				);
				GCC_WARN_64_TO_32_BIT_CONVERSION = YES;
				GCC_WARN_ABOUT_RETURN_TYPE = YES_ERROR;
				GCC_WARN_UNDECLARED_SELECTOR = YES;
				GCC_WARN_UNINITIALIZED_AUTOS = YES_AGGRESSIVE;
				GCC_WARN_UNUSED_FUNCTION = YES;
				GCC_WARN_UNUSED_VARIABLE = YES;
				IPHONEOS_DEPLOYMENT_TARGET = 10.3;
				MTL_ENABLE_DEBUG_INFO = YES;
				ONLY_ACTIVE_ARCH = YES;
				SDKROOT = iphoneos;
				SWIFT_ACTIVE_COMPILATION_CONDITIONS = DEBUG;
				SWIFT_OPTIMIZATION_LEVEL = "-Onone";
				SWIFT_VERSION = 4.0;
				TARGETED_DEVICE_FAMILY = 3;
				TVOS_DEPLOYMENT_TARGET = 10.2;
				VERSIONING_SYSTEM = "apple-generic";
				VERSION_INFO_PREFIX = "";
			};
			name = Debug;
		};
		FA3505381E4663B4009BB40E /* Release */ = {
			isa = XCBuildConfiguration;
			buildSettings = {
				ALWAYS_EMBED_SWIFT_STANDARD_LIBRARIES = "$(inherited)";
				ALWAYS_SEARCH_USER_PATHS = NO;
				CLANG_ANALYZER_LOCALIZABILITY_NONLOCALIZED = YES;
				CLANG_ANALYZER_NONNULL = YES;
				CLANG_CXX_LANGUAGE_STANDARD = "gnu++0x";
				CLANG_CXX_LIBRARY = "libc++";
				CLANG_ENABLE_MODULES = YES;
				CLANG_ENABLE_OBJC_ARC = YES;
				CLANG_WARN_BLOCK_CAPTURE_AUTORELEASING = YES;
				CLANG_WARN_BOOL_CONVERSION = YES;
				CLANG_WARN_COMMA = YES;
				CLANG_WARN_CONSTANT_CONVERSION = YES;
				CLANG_WARN_DIRECT_OBJC_ISA_USAGE = YES_ERROR;
				CLANG_WARN_DOCUMENTATION_COMMENTS = YES;
				CLANG_WARN_EMPTY_BODY = YES;
				CLANG_WARN_ENUM_CONVERSION = YES;
				CLANG_WARN_INFINITE_RECURSION = YES;
				CLANG_WARN_INT_CONVERSION = YES;
				CLANG_WARN_NON_LITERAL_NULL_CONVERSION = YES;
				CLANG_WARN_OBJC_LITERAL_CONVERSION = YES;
				CLANG_WARN_OBJC_ROOT_CLASS = YES_ERROR;
				CLANG_WARN_RANGE_LOOP_ANALYSIS = YES;
				CLANG_WARN_STRICT_PROTOTYPES = YES;
				CLANG_WARN_SUSPICIOUS_MOVE = YES;
				CLANG_WARN_UNREACHABLE_CODE = YES;
				CLANG_WARN__DUPLICATE_METHOD_MATCH = YES;
				COPY_PHASE_STRIP = NO;
				CURRENT_PROJECT_VERSION = 1;
				DEBUG_INFORMATION_FORMAT = "dwarf-with-dsym";
				ENABLE_NS_ASSERTIONS = NO;
				ENABLE_STRICT_OBJC_MSGSEND = YES;
				GCC_C_LANGUAGE_STANDARD = gnu99;
				GCC_NO_COMMON_BLOCKS = YES;
				GCC_WARN_64_TO_32_BIT_CONVERSION = YES;
				GCC_WARN_ABOUT_RETURN_TYPE = YES_ERROR;
				GCC_WARN_UNDECLARED_SELECTOR = YES;
				GCC_WARN_UNINITIALIZED_AUTOS = YES_AGGRESSIVE;
				GCC_WARN_UNUSED_FUNCTION = YES;
				GCC_WARN_UNUSED_VARIABLE = YES;
				IPHONEOS_DEPLOYMENT_TARGET = 10.3;
				MTL_ENABLE_DEBUG_INFO = NO;
				SDKROOT = iphoneos;
				SWIFT_OPTIMIZATION_LEVEL = "-Owholemodule";
				SWIFT_VERSION = 4.0;
				TARGETED_DEVICE_FAMILY = 3;
				TVOS_DEPLOYMENT_TARGET = 10.2;
				VALIDATE_PRODUCT = YES;
				VERSIONING_SYSTEM = "apple-generic";
				VERSION_INFO_PREFIX = "";
			};
			name = Release;
		};
		FA7BDF5B1FA5228F003FCEC3 /* Debug */ = {
			isa = XCBuildConfiguration;
			baseConfigurationReference = E0AF1E00AB17A9DE802C6396 /* Pods-TVSetKit_macOS.debug.xcconfig */;
			buildSettings = {
				CLANG_ANALYZER_NUMBER_OBJECT_CONVERSION = YES_AGGRESSIVE;
				CLANG_CXX_LANGUAGE_STANDARD = "gnu++14";
				CLANG_WARN_UNGUARDED_AVAILABILITY = YES_AGGRESSIVE;
				CODE_SIGN_IDENTITY = "Mac Developer";
				CODE_SIGN_STYLE = Automatic;
				COMBINE_HIDPI_IMAGES = YES;
				DEFINES_MODULE = YES;
				DEVELOPMENT_TEAM = Y63DEDERL2;
				DYLIB_COMPATIBILITY_VERSION = 1;
				DYLIB_CURRENT_VERSION = 1;
				DYLIB_INSTALL_NAME_BASE = "@rpath";
				FRAMEWORK_VERSION = A;
				GCC_C_LANGUAGE_STANDARD = gnu11;
				INFOPLIST_FILE = TVSetKit_macOS/Info.plist;
				INSTALL_PATH = "$(LOCAL_LIBRARY_DIR)/Frameworks";
				LD_RUNPATH_SEARCH_PATHS = "$(inherited) @executable_path/../Frameworks @loader_path/Frameworks";
				MACOSX_DEPLOYMENT_TARGET = 10.13;
				PRODUCT_BUNDLE_IDENTIFIER = "com.rubykon.TVSetKit-macOS";
				PRODUCT_NAME = "$(TARGET_NAME:c99extidentifier)";
				SDKROOT = macosx;
				SKIP_INSTALL = YES;
				SWIFT_VERSION = 4.0;
			};
			name = Debug;
		};
		FA7BDF5C1FA5228F003FCEC3 /* Release */ = {
			isa = XCBuildConfiguration;
			baseConfigurationReference = 726A3F31B3CC5BC631A051DB /* Pods-TVSetKit_macOS.release.xcconfig */;
			buildSettings = {
				CLANG_ANALYZER_NUMBER_OBJECT_CONVERSION = YES_AGGRESSIVE;
				CLANG_CXX_LANGUAGE_STANDARD = "gnu++14";
				CLANG_WARN_UNGUARDED_AVAILABILITY = YES_AGGRESSIVE;
				CODE_SIGN_IDENTITY = "Mac Developer";
				CODE_SIGN_STYLE = Automatic;
				COMBINE_HIDPI_IMAGES = YES;
				DEFINES_MODULE = YES;
				DEVELOPMENT_TEAM = Y63DEDERL2;
				DYLIB_COMPATIBILITY_VERSION = 1;
				DYLIB_CURRENT_VERSION = 1;
				DYLIB_INSTALL_NAME_BASE = "@rpath";
				FRAMEWORK_VERSION = A;
				GCC_C_LANGUAGE_STANDARD = gnu11;
				INFOPLIST_FILE = TVSetKit_macOS/Info.plist;
				INSTALL_PATH = "$(LOCAL_LIBRARY_DIR)/Frameworks";
				LD_RUNPATH_SEARCH_PATHS = "$(inherited) @executable_path/../Frameworks @loader_path/Frameworks";
				MACOSX_DEPLOYMENT_TARGET = 10.13;
				PRODUCT_BUNDLE_IDENTIFIER = "com.rubykon.TVSetKit-macOS";
				PRODUCT_NAME = "$(TARGET_NAME:c99extidentifier)";
				SDKROOT = macosx;
				SKIP_INSTALL = YES;
				SWIFT_VERSION = 4.0;
			};
			name = Release;
		};
		FA7BDF5D1FA5228F003FCEC3 /* Debug */ = {
			isa = XCBuildConfiguration;
			baseConfigurationReference = FD6DE4261AAF13624CE20CCF /* Pods-TVSetKit_macOSTests.debug.xcconfig */;
			buildSettings = {
				CLANG_ANALYZER_NUMBER_OBJECT_CONVERSION = YES_AGGRESSIVE;
				CLANG_CXX_LANGUAGE_STANDARD = "gnu++14";
				CLANG_WARN_UNGUARDED_AVAILABILITY = YES_AGGRESSIVE;
				CODE_SIGN_IDENTITY = "Mac Developer";
				CODE_SIGN_STYLE = Automatic;
				COMBINE_HIDPI_IMAGES = YES;
				DEVELOPMENT_TEAM = Y63DEDERL2;
				GCC_C_LANGUAGE_STANDARD = gnu11;
				INFOPLIST_FILE = TVSetKit_macOSTests/Info.plist;
				LD_RUNPATH_SEARCH_PATHS = "$(inherited) @executable_path/../Frameworks @loader_path/../Frameworks";
				MACOSX_DEPLOYMENT_TARGET = 10.13;
				PRODUCT_BUNDLE_IDENTIFIER = "com.rubykon.TVSetKit-macOSTests";
				PRODUCT_NAME = "$(TARGET_NAME)";
				SDKROOT = macosx;
				SWIFT_VERSION = 4.0;
			};
			name = Debug;
		};
		FA7BDF5E1FA5228F003FCEC3 /* Release */ = {
			isa = XCBuildConfiguration;
			baseConfigurationReference = 92D35C2703FCC649EA633C53 /* Pods-TVSetKit_macOSTests.release.xcconfig */;
			buildSettings = {
				CLANG_ANALYZER_NUMBER_OBJECT_CONVERSION = YES_AGGRESSIVE;
				CLANG_CXX_LANGUAGE_STANDARD = "gnu++14";
				CLANG_WARN_UNGUARDED_AVAILABILITY = YES_AGGRESSIVE;
				CODE_SIGN_IDENTITY = "Mac Developer";
				CODE_SIGN_STYLE = Automatic;
				COMBINE_HIDPI_IMAGES = YES;
				DEVELOPMENT_TEAM = Y63DEDERL2;
				GCC_C_LANGUAGE_STANDARD = gnu11;
				INFOPLIST_FILE = TVSetKit_macOSTests/Info.plist;
				LD_RUNPATH_SEARCH_PATHS = "$(inherited) @executable_path/../Frameworks @loader_path/../Frameworks";
				MACOSX_DEPLOYMENT_TARGET = 10.13;
				PRODUCT_BUNDLE_IDENTIFIER = "com.rubykon.TVSetKit-macOSTests";
				PRODUCT_NAME = "$(TARGET_NAME)";
				SDKROOT = macosx;
				SWIFT_VERSION = 4.0;
			};
			name = Release;
		};
		FAFF2F3D1EFEEF92002B7C0C /* Debug */ = {
			isa = XCBuildConfiguration;
			baseConfigurationReference = E0BC536143C8E2869F592033 /* Pods-TVSetKit_iOS.debug.xcconfig */;
			buildSettings = {
				ALWAYS_EMBED_SWIFT_STANDARD_LIBRARIES = "$(inherited)";
				CLANG_ANALYZER_NUMBER_OBJECT_CONVERSION = YES_AGGRESSIVE;
				CLANG_ENABLE_MODULES = YES;
				CODE_SIGN_IDENTITY = "";
				"CODE_SIGN_IDENTITY[sdk=iphoneos*]" = "";
				DEFINES_MODULE = YES;
				DEVELOPMENT_TEAM = Y63DEDERL2;
				DYLIB_COMPATIBILITY_VERSION = 1;
				DYLIB_CURRENT_VERSION = 1;
				DYLIB_INSTALL_NAME_BASE = "@rpath";
				INFOPLIST_FILE = TVSetKit_iOS/Info.plist;
				INSTALL_PATH = "$(LOCAL_LIBRARY_DIR)/Frameworks";
				LD_RUNPATH_SEARCH_PATHS = "$(inherited) @executable_path/Frameworks @loader_path/Frameworks";
				PRODUCT_BUNDLE_IDENTIFIER = "com.rubikon.TVSetKit-iOS";
				PRODUCT_NAME = "$(TARGET_NAME)";
				SKIP_INSTALL = YES;
				SWIFT_OPTIMIZATION_LEVEL = "-Onone";
				SWIFT_VERSION = 4.0;
				TARGETED_DEVICE_FAMILY = "1,2";
			};
			name = Debug;
		};
		FAFF2F3E1EFEEF92002B7C0C /* Release */ = {
			isa = XCBuildConfiguration;
			baseConfigurationReference = 85A71651EAC86C478291526B /* Pods-TVSetKit_iOS.release.xcconfig */;
			buildSettings = {
				ALWAYS_EMBED_SWIFT_STANDARD_LIBRARIES = "$(inherited)";
				CLANG_ANALYZER_NUMBER_OBJECT_CONVERSION = YES_AGGRESSIVE;
				CLANG_ENABLE_MODULES = YES;
				CODE_SIGN_IDENTITY = "";
				"CODE_SIGN_IDENTITY[sdk=iphoneos*]" = "";
				DEFINES_MODULE = YES;
				DEVELOPMENT_TEAM = Y63DEDERL2;
				DYLIB_COMPATIBILITY_VERSION = 1;
				DYLIB_CURRENT_VERSION = 1;
				DYLIB_INSTALL_NAME_BASE = "@rpath";
				INFOPLIST_FILE = TVSetKit_iOS/Info.plist;
				INSTALL_PATH = "$(LOCAL_LIBRARY_DIR)/Frameworks";
				LD_RUNPATH_SEARCH_PATHS = "$(inherited) @executable_path/Frameworks @loader_path/Frameworks";
				PRODUCT_BUNDLE_IDENTIFIER = "com.rubikon.TVSetKit-iOS";
				PRODUCT_NAME = "$(TARGET_NAME)";
				SKIP_INSTALL = YES;
				SWIFT_VERSION = 4.0;
				TARGETED_DEVICE_FAMILY = "1,2";
			};
			name = Release;
		};
		FAFF2F401EFEEF92002B7C0C /* Debug */ = {
			isa = XCBuildConfiguration;
			baseConfigurationReference = 04B0BC3309BC59D32E617C2F /* Pods-TVSetKit_iOSTests.debug.xcconfig */;
			buildSettings = {
				ALWAYS_EMBED_SWIFT_STANDARD_LIBRARIES = "$(inherited)";
				CLANG_ANALYZER_NUMBER_OBJECT_CONVERSION = YES_AGGRESSIVE;
				"CODE_SIGN_IDENTITY[sdk=iphoneos*]" = "iPhone Developer";
				DEVELOPMENT_TEAM = Y63DEDERL2;
				INFOPLIST_FILE = TVSetKit_iOSTests/Info.plist;
				LD_RUNPATH_SEARCH_PATHS = "$(inherited) @executable_path/Frameworks @loader_path/Frameworks";
				PRODUCT_BUNDLE_IDENTIFIER = "com.rubikon.TVSetKit-iOSTests";
				PRODUCT_NAME = "$(TARGET_NAME)";
				SWIFT_SWIFT3_OBJC_INFERENCE = Default;
				SWIFT_VERSION = 4.0;
			};
			name = Debug;
		};
		FAFF2F411EFEEF92002B7C0C /* Release */ = {
			isa = XCBuildConfiguration;
			baseConfigurationReference = 786F5572C2BC2123747BD64B /* Pods-TVSetKit_iOSTests.release.xcconfig */;
			buildSettings = {
				ALWAYS_EMBED_SWIFT_STANDARD_LIBRARIES = "$(inherited)";
				CLANG_ANALYZER_NUMBER_OBJECT_CONVERSION = YES_AGGRESSIVE;
				"CODE_SIGN_IDENTITY[sdk=iphoneos*]" = "iPhone Developer";
				DEVELOPMENT_TEAM = Y63DEDERL2;
				INFOPLIST_FILE = TVSetKit_iOSTests/Info.plist;
				LD_RUNPATH_SEARCH_PATHS = "$(inherited) @executable_path/Frameworks @loader_path/Frameworks";
				PRODUCT_BUNDLE_IDENTIFIER = "com.rubikon.TVSetKit-iOSTests";
				PRODUCT_NAME = "$(TARGET_NAME)";
				SWIFT_SWIFT3_OBJC_INFERENCE = Default;
				SWIFT_VERSION = 4.0;
			};
			name = Release;
		};
		FAFF2F591EFEEFAA002B7C0C /* Debug */ = {
			isa = XCBuildConfiguration;
			baseConfigurationReference = 5290D51CBB4DD9895C6D52E0 /* Pods-TVSetKit_tvOS.debug.xcconfig */;
			buildSettings = {
				ALWAYS_EMBED_SWIFT_STANDARD_LIBRARIES = "$(inherited)";
				CLANG_ANALYZER_NUMBER_OBJECT_CONVERSION = YES_AGGRESSIVE;
				CLANG_ENABLE_MODULES = YES;
				CODE_SIGN_IDENTITY = "";
				DEFINES_MODULE = YES;
				DEVELOPMENT_TEAM = Y63DEDERL2;
				DYLIB_COMPATIBILITY_VERSION = 1;
				DYLIB_CURRENT_VERSION = 1;
				DYLIB_INSTALL_NAME_BASE = "@rpath";
				INFOPLIST_FILE = TVSetKit_tvOS/Info.plist;
				INSTALL_PATH = "$(LOCAL_LIBRARY_DIR)/Frameworks";
				LD_RUNPATH_SEARCH_PATHS = "$(inherited) @executable_path/Frameworks @loader_path/Frameworks";
				PRODUCT_BUNDLE_IDENTIFIER = "com.rubikon.TVSetKit-tvOS";
				PRODUCT_NAME = "$(TARGET_NAME)";
				SDKROOT = appletvos;
				SKIP_INSTALL = YES;
				SWIFT_OPTIMIZATION_LEVEL = "-Onone";
				SWIFT_VERSION = 4.0;
			};
			name = Debug;
		};
		FAFF2F5A1EFEEFAA002B7C0C /* Release */ = {
			isa = XCBuildConfiguration;
			baseConfigurationReference = 4854E4BE807E25B82AA51296 /* Pods-TVSetKit_tvOS.release.xcconfig */;
			buildSettings = {
				ALWAYS_EMBED_SWIFT_STANDARD_LIBRARIES = "$(inherited)";
				CLANG_ANALYZER_NUMBER_OBJECT_CONVERSION = YES_AGGRESSIVE;
				CLANG_ENABLE_MODULES = YES;
				CODE_SIGN_IDENTITY = "";
				DEFINES_MODULE = YES;
				DEVELOPMENT_TEAM = Y63DEDERL2;
				DYLIB_COMPATIBILITY_VERSION = 1;
				DYLIB_CURRENT_VERSION = 1;
				DYLIB_INSTALL_NAME_BASE = "@rpath";
				INFOPLIST_FILE = TVSetKit_tvOS/Info.plist;
				INSTALL_PATH = "$(LOCAL_LIBRARY_DIR)/Frameworks";
				LD_RUNPATH_SEARCH_PATHS = "$(inherited) @executable_path/Frameworks @loader_path/Frameworks";
				PRODUCT_BUNDLE_IDENTIFIER = "com.rubikon.TVSetKit-tvOS";
				PRODUCT_NAME = "$(TARGET_NAME)";
				SDKROOT = appletvos;
				SKIP_INSTALL = YES;
				SWIFT_VERSION = 4.0;
			};
			name = Release;
		};
		FAFF2F5C1EFEEFAA002B7C0C /* Debug */ = {
			isa = XCBuildConfiguration;
			baseConfigurationReference = 6B02581BC51E6755711B1489 /* Pods-TVSetKit_tvOSTests.debug.xcconfig */;
			buildSettings = {
				ALWAYS_EMBED_SWIFT_STANDARD_LIBRARIES = "$(inherited)";
				CLANG_ANALYZER_NUMBER_OBJECT_CONVERSION = YES_AGGRESSIVE;
				DEVELOPMENT_TEAM = Y63DEDERL2;
				INFOPLIST_FILE = TVSetKit_tvOSTests/Info.plist;
				LD_RUNPATH_SEARCH_PATHS = "$(inherited) @executable_path/Frameworks @loader_path/Frameworks";
				PRODUCT_BUNDLE_IDENTIFIER = "com.rubikon.TVSetKit-tvOSTests";
				PRODUCT_NAME = "$(TARGET_NAME)";
				SDKROOT = appletvos;
				SWIFT_VERSION = 4.0;
			};
			name = Debug;
		};
		FAFF2F5D1EFEEFAA002B7C0C /* Release */ = {
			isa = XCBuildConfiguration;
			baseConfigurationReference = 75D836DD4C045D72AFACF8C4 /* Pods-TVSetKit_tvOSTests.release.xcconfig */;
			buildSettings = {
				ALWAYS_EMBED_SWIFT_STANDARD_LIBRARIES = "$(inherited)";
				CLANG_ANALYZER_NUMBER_OBJECT_CONVERSION = YES_AGGRESSIVE;
				DEVELOPMENT_TEAM = Y63DEDERL2;
				INFOPLIST_FILE = TVSetKit_tvOSTests/Info.plist;
				LD_RUNPATH_SEARCH_PATHS = "$(inherited) @executable_path/Frameworks @loader_path/Frameworks";
				PRODUCT_BUNDLE_IDENTIFIER = "com.rubikon.TVSetKit-tvOSTests";
				PRODUCT_NAME = "$(TARGET_NAME)";
				SDKROOT = appletvos;
				SWIFT_VERSION = 4.0;
			};
			name = Release;
		};
/* End XCBuildConfiguration section */

/* Begin XCConfigurationList section */
		FA35051F1E4663B3009BB40E /* Build configuration list for PBXProject "TVSetKit" */ = {
			isa = XCConfigurationList;
			buildConfigurations = (
				FA3505371E4663B4009BB40E /* Debug */,
				FA3505381E4663B4009BB40E /* Release */,
			);
			defaultConfigurationIsVisible = 0;
			defaultConfigurationName = Release;
		};
		FA7BDF5F1FA5228F003FCEC3 /* Build configuration list for PBXNativeTarget "TVSetKit_macOS" */ = {
			isa = XCConfigurationList;
			buildConfigurations = (
				FA7BDF5B1FA5228F003FCEC3 /* Debug */,
				FA7BDF5C1FA5228F003FCEC3 /* Release */,
			);
			defaultConfigurationIsVisible = 0;
			defaultConfigurationName = Release;
		};
		FA7BDF601FA5228F003FCEC3 /* Build configuration list for PBXNativeTarget "TVSetKit_macOSTests" */ = {
			isa = XCConfigurationList;
			buildConfigurations = (
				FA7BDF5D1FA5228F003FCEC3 /* Debug */,
				FA7BDF5E1FA5228F003FCEC3 /* Release */,
			);
			defaultConfigurationIsVisible = 0;
			defaultConfigurationName = Release;
		};
		FAFF2F3C1EFEEF92002B7C0C /* Build configuration list for PBXNativeTarget "TVSetKit_iOS" */ = {
			isa = XCConfigurationList;
			buildConfigurations = (
				FAFF2F3D1EFEEF92002B7C0C /* Debug */,
				FAFF2F3E1EFEEF92002B7C0C /* Release */,
			);
			defaultConfigurationIsVisible = 0;
			defaultConfigurationName = Release;
		};
		FAFF2F3F1EFEEF92002B7C0C /* Build configuration list for PBXNativeTarget "TVSetKit_iOSTests" */ = {
			isa = XCConfigurationList;
			buildConfigurations = (
				FAFF2F401EFEEF92002B7C0C /* Debug */,
				FAFF2F411EFEEF92002B7C0C /* Release */,
			);
			defaultConfigurationIsVisible = 0;
			defaultConfigurationName = Release;
		};
		FAFF2F581EFEEFAA002B7C0C /* Build configuration list for PBXNativeTarget "TVSetKit_tvOS" */ = {
			isa = XCConfigurationList;
			buildConfigurations = (
				FAFF2F591EFEEFAA002B7C0C /* Debug */,
				FAFF2F5A1EFEEFAA002B7C0C /* Release */,
			);
			defaultConfigurationIsVisible = 0;
			defaultConfigurationName = Release;
		};
		FAFF2F5B1EFEEFAA002B7C0C /* Build configuration list for PBXNativeTarget "TVSetKit_tvOSTests" */ = {
			isa = XCConfigurationList;
			buildConfigurations = (
				FAFF2F5C1EFEEFAA002B7C0C /* Debug */,
				FAFF2F5D1EFEEFAA002B7C0C /* Release */,
			);
			defaultConfigurationIsVisible = 0;
			defaultConfigurationName = Release;
		};
/* End XCConfigurationList section */
	};
	rootObject = FA35051C1E4663B3009BB40E /* Project object */;
}
